// !$*UTF8*$!
{
	archiveVersion = 1;
	classes = {
	};
	objectVersion = 54;
	objects = {

/* Begin PBXBuildFile section */
		07006C3C25D607D500DF9A64 /* UIDrawGestureRecognizer.swift in Sources */ = {isa = PBXBuildFile; fileRef = 07006C3B25D607D500DF9A64 /* UIDrawGestureRecognizer.swift */; };
		07006C3E25D6C2D500DF9A64 /* PaintQuantityBar.swift in Sources */ = {isa = PBXBuildFile; fileRef = 07006C3D25D6C2D500DF9A64 /* PaintQuantityBar.swift */; };
		07006C4025D6CEF200DF9A64 /* MenuViewController.swift in Sources */ = {isa = PBXBuildFile; fileRef = 07006C3F25D6CEF200DF9A64 /* MenuViewController.swift */; };
		07006C4225DCB6D400DF9A64 /* PixelHistoryViewController.swift in Sources */ = {isa = PBXBuildFile; fileRef = 07006C4125DCB6D400DF9A64 /* PixelHistoryViewController.swift */; };
		07006C4425DCB98E00DF9A64 /* PixelHistoryCollectionViewCell.swift in Sources */ = {isa = PBXBuildFile; fileRef = 07006C4325DCB98E00DF9A64 /* PixelHistoryCollectionViewCell.swift */; };
		0704FB7427397D3B009799E1 /* PaletteHeaderCollectionReusableView.swift in Sources */ = {isa = PBXBuildFile; fileRef = 0704FB7327397D3B009799E1 /* PaletteHeaderCollectionReusableView.swift */; };
		0704FB91273984C9009799E1 /* Inter-Bold.ttf in Resources */ = {isa = PBXBuildFile; fileRef = 0704FB88273984C3009799E1 /* Inter-Bold.ttf */; };
		0704FB92273984C9009799E1 /* Inter-Regular.ttf in Resources */ = {isa = PBXBuildFile; fileRef = 0704FB89273984C4009799E1 /* Inter-Regular.ttf */; };
		0704FB93273984C9009799E1 /* Inter-ExtraLight.ttf in Resources */ = {isa = PBXBuildFile; fileRef = 0704FB8A273984C5009799E1 /* Inter-ExtraLight.ttf */; };
		0704FB94273984C9009799E1 /* Inter-SemiBold.ttf in Resources */ = {isa = PBXBuildFile; fileRef = 0704FB8B273984C5009799E1 /* Inter-SemiBold.ttf */; };
		0704FB95273984C9009799E1 /* Inter-Thin.ttf in Resources */ = {isa = PBXBuildFile; fileRef = 0704FB8C273984C6009799E1 /* Inter-Thin.ttf */; };
		0704FB96273984C9009799E1 /* Inter-Black.ttf in Resources */ = {isa = PBXBuildFile; fileRef = 0704FB8D273984C7009799E1 /* Inter-Black.ttf */; };
		0704FB97273984C9009799E1 /* Inter-Medium.ttf in Resources */ = {isa = PBXBuildFile; fileRef = 0704FB8E273984C7009799E1 /* Inter-Medium.ttf */; };
		0704FB98273984C9009799E1 /* Inter-Light.ttf in Resources */ = {isa = PBXBuildFile; fileRef = 0704FB8F273984C8009799E1 /* Inter-Light.ttf */; };
		0704FB99273984C9009799E1 /* Inter-ExtraBold.ttf in Resources */ = {isa = PBXBuildFile; fileRef = 0704FB90273984C9009799E1 /* Inter-ExtraBold.ttf */; };
		0704FB9B2739A511009799E1 /* InsetLabel.swift in Sources */ = {isa = PBXBuildFile; fileRef = 0704FB9A2739A511009799E1 /* InsetLabel.swift */; };
		0707C5E62D63AAA5008E0120 /* PendingUndo.swift in Sources */ = {isa = PBXBuildFile; fileRef = 0707C5E52D63AAA5008E0120 /* PendingUndo.swift */; };
		070DA9DD2732B97800D76775 /* CanvasImportViewController.swift in Sources */ = {isa = PBXBuildFile; fileRef = 070DA9DC2732B97800D76775 /* CanvasImportViewController.swift */; };
		070DA9DF2732B98500D76775 /* CanvasExportViewController.swift in Sources */ = {isa = PBXBuildFile; fileRef = 070DA9DE2732B98500D76775 /* CanvasExportViewController.swift */; };
		0712053625DEDF1100AE0F52 /* ActionButtonFrame.swift in Sources */ = {isa = PBXBuildFile; fileRef = 0712053525DEDF1100AE0F52 /* ActionButtonFrame.swift */; };
		0712053825DF2D5100AE0F52 /* RecentColorsViewController.swift in Sources */ = {isa = PBXBuildFile; fileRef = 0712053725DF2D5100AE0F52 /* RecentColorsViewController.swift */; };
		0712053A25DF2F0700AE0F52 /* RecentColorCollectionViewCell.swift in Sources */ = {isa = PBXBuildFile; fileRef = 0712053925DF2F0700AE0F52 /* RecentColorCollectionViewCell.swift */; };
		07270EE0272B92B300DB35CE /* PalettesViewController.swift in Sources */ = {isa = PBXBuildFile; fileRef = 07270EDF272B92B300DB35CE /* PalettesViewController.swift */; };
		07270EE2272C214300DB35CE /* Palette.swift in Sources */ = {isa = PBXBuildFile; fileRef = 07270EE1272C214300DB35CE /* Palette.swift */; };
		07270EE4272C333A00DB35CE /* PaletteCollectionViewCell.swift in Sources */ = {isa = PBXBuildFile; fileRef = 07270EE3272C333A00DB35CE /* PaletteCollectionViewCell.swift */; };
		0731602B28A0159B00466BC4 /* ButtonFrame.swift in Sources */ = {isa = PBXBuildFile; fileRef = 0731602A28A0159B00466BC4 /* ButtonFrame.swift */; };
		073663782608F16600E5403F /* PincodeViewController.swift in Sources */ = {isa = PBXBuildFile; fileRef = 073663772608F16600E5403F /* PincodeViewController.swift */; };
		0736637A260E148700E5403F /* AchievementIcon.swift in Sources */ = {isa = PBXBuildFile; fileRef = 07366379260E148700E5403F /* AchievementIcon.swift */; };
		0744E8812D61918F00C9DD29 /* yellow_circle.png in Resources */ = {isa = PBXBuildFile; fileRef = 0744E8802D61918E00C9DD29 /* yellow_circle.png */; };
		0744E8822D61918F00C9DD29 /* green_circle.png in Resources */ = {isa = PBXBuildFile; fileRef = 0744E87E2D61918E00C9DD29 /* green_circle.png */; };
		0744E8832D61918F00C9DD29 /* red_circle.png in Resources */ = {isa = PBXBuildFile; fileRef = 0744E87F2D61918E00C9DD29 /* red_circle.png */; };
		0744E8852D625E7300C9DD29 /* ErrorPixel.swift in Sources */ = {isa = PBXBuildFile; fileRef = 0744E8842D625E7300C9DD29 /* ErrorPixel.swift */; };
		074A76012D7179EB00D487EC /* CombinedGestureView.swift in Sources */ = {isa = PBXBuildFile; fileRef = 074A76002D7179EB00D487EC /* CombinedGestureView.swift */; };
		075DE94A2D7288A8007C664D /* CanvasClientIndicatorsView.swift in Sources */ = {isa = PBXBuildFile; fileRef = 075DE9492D7288A8007C664D /* CanvasClientIndicatorsView.swift */; };
		076120DE2D738FF40030DAA9 /* UIViewController+SwiftUIHosting.swift in Sources */ = {isa = PBXBuildFile; fileRef = 076120DD2D738FF40030DAA9 /* UIViewController+SwiftUIHosting.swift */; };
		076120E22D73932C0030DAA9 /* SummaryClientIndicatorsView.swift in Sources */ = {isa = PBXBuildFile; fileRef = 076120E12D73932C0030DAA9 /* SummaryClientIndicatorsView.swift */; };
		076120E42D73A1450030DAA9 /* ClientListView.swift in Sources */ = {isa = PBXBuildFile; fileRef = 076120E32D73A1450030DAA9 /* ClientListView.swift */; };
		076ADE6F2D77BCFB0059827A /* PublicServerListView.swift in Sources */ = {isa = PBXBuildFile; fileRef = 076ADE6E2D77BCFB0059827A /* PublicServerListView.swift */; };
		0783F3BE2D767B7A006DA53F /* ServerListItemView.swift in Sources */ = {isa = PBXBuildFile; fileRef = 0783F3BD2D767B7A006DA53F /* ServerListItemView.swift */; };
		0788916B2D74AF4700B4041B /* CanvasMenuView.swift in Sources */ = {isa = PBXBuildFile; fileRef = 0788916A2D74AF4700B4041B /* CanvasMenuView.swift */; };
		0788916D2D74AF8700B4041B /* CanvasMenuItemView.swift in Sources */ = {isa = PBXBuildFile; fileRef = 0788916C2D74AF8700B4041B /* CanvasMenuItemView.swift */; };
		0788916F2D74BCA400B4041B /* server_person.svg in Resources */ = {isa = PBXBuildFile; fileRef = 0788916E2D74BCA400B4041B /* server_person.svg */; };
		078891722D750E5300B4041B /* ServerListViewModel.swift in Sources */ = {isa = PBXBuildFile; fileRef = 078891712D750E5300B4041B /* ServerListViewModel.swift */; };
		078891762D750ECC00B4041B /* ServerListsView.swift in Sources */ = {isa = PBXBuildFile; fileRef = 078891752D750ECC00B4041B /* ServerListsView.swift */; };
		0788E47D25FBD1D8004FC782 /* iOSDeviceModelMapping.plist in Resources */ = {isa = PBXBuildFile; fileRef = 0788E47C25FBD1D8004FC782 /* iOSDeviceModelMapping.plist */; };
		0788E47F25FBD3F5004FC782 /* UIView+SafeAnchors.swift in Sources */ = {isa = PBXBuildFile; fileRef = 0788E47E25FBD3F5004FC782 /* UIView+SafeAnchors.swift */; };
		0788E48125FC58BC004FC782 /* ColorPickerOutletsViewController.swift in Sources */ = {isa = PBXBuildFile; fileRef = 0788E48025FC58BC004FC782 /* ColorPickerOutletsViewController.swift */; };
		078AF007260119DE00AB4CE4 /* InteractiveCanvasSocket.swift in Sources */ = {isa = PBXBuildFile; fileRef = 078AF006260119DE00AB4CE4 /* InteractiveCanvasSocket.swift */; };
		078AF00926016CCB00AB4CE4 /* PaintQuantityCircle.swift in Sources */ = {isa = PBXBuildFile; fileRef = 078AF00826016CCB00AB4CE4 /* PaintQuantityCircle.swift */; };
		078D406B2D72B9E8003C57F2 /* ClientInfo.swift in Sources */ = {isa = PBXBuildFile; fileRef = 078D406A2D72B9E8003C57F2 /* ClientInfo.swift */; };
		07A246D625D4A83500C73CA6 /* LoadingViewController.swift in Sources */ = {isa = PBXBuildFile; fileRef = 07A246D525D4A83500C73CA6 /* LoadingViewController.swift */; };
		07A246D825D4BF0800C73CA6 /* URLSessionHandler.swift in Sources */ = {isa = PBXBuildFile; fileRef = 07A246D725D4BF0800C73CA6 /* URLSessionHandler.swift */; };
		07A305F325D5B6F5003A6CEA /* ActionButtonView.swift in Sources */ = {isa = PBXBuildFile; fileRef = 07A305F225D5B6F5003A6CEA /* ActionButtonView.swift */; };
		07A305F525D5D348003A6CEA /* PaintColorIndicator.swift in Sources */ = {isa = PBXBuildFile; fileRef = 07A305F425D5D348003A6CEA /* PaintColorIndicator.swift */; };
		07A7C843272AEEC9003AD69C /* UITouchGestureRecognizer.swift in Sources */ = {isa = PBXBuildFile; fileRef = 07A7C842272AEEC9003AD69C /* UITouchGestureRecognizer.swift */; };
		07A9B16025EC8790009A47DF /* fire_badge_json.json in Resources */ = {isa = PBXBuildFile; fileRef = 07A9B15325EC878F009A47DF /* fire_badge_json.json */; };
		07A9B16125EC8790009A47DF /* mc_tool_json.json in Resources */ = {isa = PBXBuildFile; fileRef = 07A9B15425EC878F009A47DF /* mc_tool_json.json */; };
		07A9B16225EC8790009A47DF /* mushroom_json.json in Resources */ = {isa = PBXBuildFile; fileRef = 07A9B15525EC878F009A47DF /* mushroom_json.json */; };
		07A9B16325EC8790009A47DF /* fries_json.json in Resources */ = {isa = PBXBuildFile; fileRef = 07A9B15625EC878F009A47DF /* fries_json.json */; };
		07A9B16425EC8790009A47DF /* globe_json.json in Resources */ = {isa = PBXBuildFile; fileRef = 07A9B15725EC878F009A47DF /* globe_json.json */; };
		07A9B16525EC8790009A47DF /* doughnut_json.json in Resources */ = {isa = PBXBuildFile; fileRef = 07A9B15825EC878F009A47DF /* doughnut_json.json */; };
		07A9B16625EC8790009A47DF /* water_drop_json.json in Resources */ = {isa = PBXBuildFile; fileRef = 07A9B15925EC878F009A47DF /* water_drop_json.json */; };
		07A9B16725EC8790009A47DF /* bird_json.json in Resources */ = {isa = PBXBuildFile; fileRef = 07A9B15A25EC878F009A47DF /* bird_json.json */; };
		07A9B16825EC8790009A47DF /* hfs_json.json in Resources */ = {isa = PBXBuildFile; fileRef = 07A9B15B25EC878F009A47DF /* hfs_json.json */; };
		07A9B16925EC8790009A47DF /* rainbow_badge.json in Resources */ = {isa = PBXBuildFile; fileRef = 07A9B15C25EC878F009A47DF /* rainbow_badge.json */; };
		07A9B16A25EC8790009A47DF /* paint_bucket_json.json in Resources */ = {isa = PBXBuildFile; fileRef = 07A9B15D25EC878F009A47DF /* paint_bucket_json.json */; };
		07A9B16B25EC8790009A47DF /* leaf_json.json in Resources */ = {isa = PBXBuildFile; fileRef = 07A9B15E25EC878F009A47DF /* leaf_json.json */; };
		07A9B16C25EC8790009A47DF /* contra_json.json in Resources */ = {isa = PBXBuildFile; fileRef = 07A9B15F25EC8790009A47DF /* contra_json.json */; };
		07A9B16E25ED2941009A47DF /* HowtoViewController.swift in Sources */ = {isa = PBXBuildFile; fileRef = 07A9B16D25ED2941009A47DF /* HowtoViewController.swift */; };
		07A9B17025ED611C009A47DF /* PanelThemeConfig.swift in Sources */ = {isa = PBXBuildFile; fileRef = 07A9B16F25ED611C009A47DF /* PanelThemeConfig.swift */; };
		07A9B18325ED6CCD009A47DF /* amb_12.jpg in Resources */ = {isa = PBXBuildFile; fileRef = 07A9B17125ED6CCB009A47DF /* amb_12.jpg */; };
		07A9B18425ED6CCD009A47DF /* amb_4.jpg in Resources */ = {isa = PBXBuildFile; fileRef = 07A9B17225ED6CCB009A47DF /* amb_4.jpg */; };
		07A9B18525ED6CCD009A47DF /* amb_7.jpg in Resources */ = {isa = PBXBuildFile; fileRef = 07A9B17325ED6CCB009A47DF /* amb_7.jpg */; };
		07A9B18625ED6CCD009A47DF /* amb_6.jpg in Resources */ = {isa = PBXBuildFile; fileRef = 07A9B17425ED6CCC009A47DF /* amb_6.jpg */; };
		07A9B18725ED6CCD009A47DF /* amb_10.jpg in Resources */ = {isa = PBXBuildFile; fileRef = 07A9B17525ED6CCC009A47DF /* amb_10.jpg */; };
		07A9B18825ED6CCD009A47DF /* amb_9.jpg in Resources */ = {isa = PBXBuildFile; fileRef = 07A9B17625ED6CCC009A47DF /* amb_9.jpg */; };
		07A9B18925ED6CCD009A47DF /* amb_8.jpg in Resources */ = {isa = PBXBuildFile; fileRef = 07A9B17725ED6CCC009A47DF /* amb_8.jpg */; };
		07A9B18A25ED6CCD009A47DF /* amb_5.jpg in Resources */ = {isa = PBXBuildFile; fileRef = 07A9B17825ED6CCC009A47DF /* amb_5.jpg */; };
		07A9B18B25ED6CCD009A47DF /* amb_14.jpg in Resources */ = {isa = PBXBuildFile; fileRef = 07A9B17925ED6CCC009A47DF /* amb_14.jpg */; };
		07A9B18C25ED6CCD009A47DF /* amb_15.jpg in Resources */ = {isa = PBXBuildFile; fileRef = 07A9B17A25ED6CCC009A47DF /* amb_15.jpg */; };
		07A9B18D25ED6CCD009A47DF /* amb_2.jpg in Resources */ = {isa = PBXBuildFile; fileRef = 07A9B17B25ED6CCC009A47DF /* amb_2.jpg */; };
		07A9B18E25ED6CCD009A47DF /* sf_3.jpg in Resources */ = {isa = PBXBuildFile; fileRef = 07A9B17C25ED6CCC009A47DF /* sf_3.jpg */; };
		07A9B18F25ED6CCD009A47DF /* amb_11.jpg in Resources */ = {isa = PBXBuildFile; fileRef = 07A9B17D25ED6CCD009A47DF /* amb_11.jpg */; };
		07A9B19025ED6CCD009A47DF /* grass_dry.jpg in Resources */ = {isa = PBXBuildFile; fileRef = 07A9B17E25ED6CCD009A47DF /* grass_dry.jpg */; };
		07A9B19125ED6CCD009A47DF /* amb_13.jpg in Resources */ = {isa = PBXBuildFile; fileRef = 07A9B17F25ED6CCD009A47DF /* amb_13.jpg */; };
		07A9B19225ED6CCD009A47DF /* grass.jpg in Resources */ = {isa = PBXBuildFile; fileRef = 07A9B18025ED6CCD009A47DF /* grass.jpg */; };
		07A9B19325ED6CCD009A47DF /* sf_1.jpg in Resources */ = {isa = PBXBuildFile; fileRef = 07A9B18125ED6CCD009A47DF /* sf_1.jpg */; };
		07A9B19425ED6CCD009A47DF /* amb_3.jpg in Resources */ = {isa = PBXBuildFile; fileRef = 07A9B18225ED6CCD009A47DF /* amb_3.jpg */; };
		07A9B19625EDAB8F009A47DF /* ColorPickerViewController.swift in Sources */ = {isa = PBXBuildFile; fileRef = 07A9B19525EDAB8F009A47DF /* ColorPickerViewController.swift */; };
		07AE665F289ED5BE00E2E9FC /* ServerCell.swift in Sources */ = {isa = PBXBuildFile; fileRef = 07AE665E289ED5BE00E2E9FC /* ServerCell.swift */; };
		07BBBABA2896E3B3008A6B9E /* QueueSocket.swift in Sources */ = {isa = PBXBuildFile; fileRef = 07BBBAB92896E3B3008A6B9E /* QueueSocket.swift */; };
		07BD25C725D43FB500CF812E /* AppDelegate.swift in Sources */ = {isa = PBXBuildFile; fileRef = 07BD25C625D43FB500CF812E /* AppDelegate.swift */; };
		07BD25C925D43FB500CF812E /* SceneDelegate.swift in Sources */ = {isa = PBXBuildFile; fileRef = 07BD25C825D43FB500CF812E /* SceneDelegate.swift */; };
		07BD25CB25D43FB500CF812E /* InteractiveCanvasViewController.swift in Sources */ = {isa = PBXBuildFile; fileRef = 07BD25CA25D43FB500CF812E /* InteractiveCanvasViewController.swift */; };
		07BD25CE25D43FB500CF812E /* Main.storyboard in Resources */ = {isa = PBXBuildFile; fileRef = 07BD25CC25D43FB500CF812E /* Main.storyboard */; };
		07BD25D125D43FB500CF812E /* LiquidOceanIOS.xcdatamodeld in Sources */ = {isa = PBXBuildFile; fileRef = 07BD25CF25D43FB500CF812E /* LiquidOceanIOS.xcdatamodeld */; };
		07BD25D325D43FB700CF812E /* Assets.xcassets in Resources */ = {isa = PBXBuildFile; fileRef = 07BD25D225D43FB700CF812E /* Assets.xcassets */; };
		07BD25D625D43FB700CF812E /* LaunchScreen.storyboard in Resources */ = {isa = PBXBuildFile; fileRef = 07BD25D425D43FB700CF812E /* LaunchScreen.storyboard */; };
		07BD25E125D43FB700CF812E /* LiquidOceanIOSTests.swift in Sources */ = {isa = PBXBuildFile; fileRef = 07BD25E025D43FB700CF812E /* LiquidOceanIOSTests.swift */; };
		07BD25ED25D440DD00CF812E /* InteractiveCanvasView.swift in Sources */ = {isa = PBXBuildFile; fileRef = 07BD25EC25D440DD00CF812E /* InteractiveCanvasView.swift */; };
		07BD25F025D4461400CF812E /* InteractiveCanvas.swift in Sources */ = {isa = PBXBuildFile; fileRef = 07BD25EF25D4461400CF812E /* InteractiveCanvas.swift */; };
		07BD25F525D44F2A00CF812E /* Utils.swift in Sources */ = {isa = PBXBuildFile; fileRef = 07BD25F425D44F2A00CF812E /* Utils.swift */; };
		07BD25F725D44FE900CF812E /* UIColor+Conversions.swift in Sources */ = {isa = PBXBuildFile; fileRef = 07BD25F625D44FE900CF812E /* UIColor+Conversions.swift */; };
		07BD25F925D450CF00CF812E /* SessionSettings.swift in Sources */ = {isa = PBXBuildFile; fileRef = 07BD25F825D450CF00CF812E /* SessionSettings.swift */; };
		07C9CCE6272ECA2900C9D0A1 /* CanvasFrameViewController.swift in Sources */ = {isa = PBXBuildFile; fileRef = 07C9CCE5272ECA2900C9D0A1 /* CanvasFrameViewController.swift */; };
		07D0ED24272DCE5F00755C1D /* InteractiveCanvasSummaryView.swift in Sources */ = {isa = PBXBuildFile; fileRef = 07D0ED23272DCE5F00755C1D /* InteractiveCanvasSummaryView.swift */; };
		07D0ED26272DFC9000755C1D /* DeviceViewportSummaryView.swift in Sources */ = {isa = PBXBuildFile; fileRef = 07D0ED25272DFC9000755C1D /* DeviceViewportSummaryView.swift */; };
		07D6934328BA57A300F2EBE7 /* TermsOfUseViewController.swift in Sources */ = {isa = PBXBuildFile; fileRef = 07D6934228BA57A300F2EBE7 /* TermsOfUseViewController.swift */; };
		07D6934528BA993D00F2EBE7 /* OptionContainerView.swift in Sources */ = {isa = PBXBuildFile; fileRef = 07D6934428BA993C00F2EBE7 /* OptionContainerView.swift */; };
		07E5FAAB28BAA3C700C4717D /* Solid_black.png in Resources */ = {isa = PBXBuildFile; fileRef = 07E5FAAA28BAA3C700C4717D /* Solid_black.png */; };
		07F573C8289EA65D00D4C9EF /* Server.swift in Sources */ = {isa = PBXBuildFile; fileRef = 07F573C7289EA65D00D4C9EF /* Server.swift */; };
		07FF5EFF25DF5833003E19AE /* ArtView.swift in Sources */ = {isa = PBXBuildFile; fileRef = 07FF5EFE25DF5833003E19AE /* ArtView.swift */; };
		07FF5F0125DF616A003E19AE /* ExportViewController.swift in Sources */ = {isa = PBXBuildFile; fileRef = 07FF5F0025DF616A003E19AE /* ExportViewController.swift */; };
		07FF5F0325E41EF9003E19AE /* StatsViewController.swift in Sources */ = {isa = PBXBuildFile; fileRef = 07FF5F0225E41EF9003E19AE /* StatsViewController.swift */; };
		07FF5F0525E421A9003E19AE /* StatAchievementCollectionViewCell.swift in Sources */ = {isa = PBXBuildFile; fileRef = 07FF5F0425E421A9003E19AE /* StatAchievementCollectionViewCell.swift */; };
		07FF5F0725E42C1C003E19AE /* ActionButtonReusableView.swift in Sources */ = {isa = PBXBuildFile; fileRef = 07FF5F0625E42C1C003E19AE /* ActionButtonReusableView.swift */; };
		07FF5F0925E4354B003E19AE /* StatTracker.swift in Sources */ = {isa = PBXBuildFile; fileRef = 07FF5F0825E4354B003E19AE /* StatTracker.swift */; };
		07FF5F0B25E481BB003E19AE /* Animator.swift in Sources */ = {isa = PBXBuildFile; fileRef = 07FF5F0A25E481BB003E19AE /* Animator.swift */; };
		07FF5F0D25E54DCF003E19AE /* SignInViewController.swift in Sources */ = {isa = PBXBuildFile; fileRef = 07FF5F0C25E54DCF003E19AE /* SignInViewController.swift */; };
		07FF5F0F25E54EE7003E19AE /* OptionsViewController.swift in Sources */ = {isa = PBXBuildFile; fileRef = 07FF5F0E25E54EE7003E19AE /* OptionsViewController.swift */; };
		07FF5F1125E5BA4F003E19AE /* PanelBackgroundCollectionViewCell.swift in Sources */ = {isa = PBXBuildFile; fileRef = 07FF5F1025E5BA4F003E19AE /* PanelBackgroundCollectionViewCell.swift */; };
		07FF5F2625E5BDF6003E19AE /* marble_2.jpg in Resources */ = {isa = PBXBuildFile; fileRef = 07FF5F1225E5BDF3003E19AE /* marble_2.jpg */; };
		07FF5F2725E5BDF6003E19AE /* crystal_3.jpg in Resources */ = {isa = PBXBuildFile; fileRef = 07FF5F1325E5BDF3003E19AE /* crystal_3.jpg */; };
		07FF5F2825E5BDF6003E19AE /* crystal_7.jpg in Resources */ = {isa = PBXBuildFile; fileRef = 07FF5F1425E5BDF3003E19AE /* crystal_7.jpg */; };
		07FF5F2925E5BDF6003E19AE /* crystal_5.jpg in Resources */ = {isa = PBXBuildFile; fileRef = 07FF5F1525E5BDF3003E19AE /* crystal_5.jpg */; };
		07FF5F2A25E5BDF6003E19AE /* crystal_8.jpg in Resources */ = {isa = PBXBuildFile; fileRef = 07FF5F1625E5BDF3003E19AE /* crystal_8.jpg */; };
		07FF5F2B25E5BDF6003E19AE /* metal_floor_2.jpg in Resources */ = {isa = PBXBuildFile; fileRef = 07FF5F1725E5BDF4003E19AE /* metal_floor_2.jpg */; };
		07FF5F2C25E5BDF6003E19AE /* space_texture.jpg in Resources */ = {isa = PBXBuildFile; fileRef = 07FF5F1825E5BDF4003E19AE /* space_texture.jpg */; };
		07FF5F2D25E5BDF6003E19AE /* foil.jpg in Resources */ = {isa = PBXBuildFile; fileRef = 07FF5F1925E5BDF4003E19AE /* foil.jpg */; };
		07FF5F2E25E5BDF6003E19AE /* crystal_6.jpg in Resources */ = {isa = PBXBuildFile; fileRef = 07FF5F1A25E5BDF4003E19AE /* crystal_6.jpg */; };
		07FF5F2F25E5BDF6003E19AE /* wood_texture.png in Resources */ = {isa = PBXBuildFile; fileRef = 07FF5F1B25E5BDF4003E19AE /* wood_texture.png */; };
		07FF5F3025E5BDF6003E19AE /* crystal_10.jpg in Resources */ = {isa = PBXBuildFile; fileRef = 07FF5F1C25E5BDF5003E19AE /* crystal_10.jpg */; };
		07FF5F3125E5BDF6003E19AE /* crystal_9.jpg in Resources */ = {isa = PBXBuildFile; fileRef = 07FF5F1D25E5BDF5003E19AE /* crystal_9.jpg */; };
		07FF5F3225E5BDF6003E19AE /* crystal_4.jpg in Resources */ = {isa = PBXBuildFile; fileRef = 07FF5F1E25E5BDF5003E19AE /* crystal_4.jpg */; };
		07FF5F3325E5BDF6003E19AE /* rainbow_foil.jpg in Resources */ = {isa = PBXBuildFile; fileRef = 07FF5F1F25E5BDF5003E19AE /* rainbow_foil.jpg */; };
		07FF5F3425E5BDF6003E19AE /* metal_floor_1.jpg in Resources */ = {isa = PBXBuildFile; fileRef = 07FF5F2025E5BDF5003E19AE /* metal_floor_1.jpg */; };
		07FF5F3525E5BDF6003E19AE /* crystal_1.jpg in Resources */ = {isa = PBXBuildFile; fileRef = 07FF5F2125E5BDF6003E19AE /* crystal_1.jpg */; };
		07FF5F3625E5BDF6003E19AE /* wood_texture_light.jpg in Resources */ = {isa = PBXBuildFile; fileRef = 07FF5F2225E5BDF6003E19AE /* wood_texture_light.jpg */; };
		07FF5F3725E5BDF6003E19AE /* crystal_2.jpg in Resources */ = {isa = PBXBuildFile; fileRef = 07FF5F2325E5BDF6003E19AE /* crystal_2.jpg */; };
		07FF5F3825E5BDF6003E19AE /* water_texture.jpg in Resources */ = {isa = PBXBuildFile; fileRef = 07FF5F2425E5BDF6003E19AE /* water_texture.jpg */; };
		07FF5F3925E5BDF6003E19AE /* fall_leaves.png in Resources */ = {isa = PBXBuildFile; fileRef = 07FF5F2525E5BDF6003E19AE /* fall_leaves.png */; };
		694BC21AFC56E5590CC0765E /* Pods_LiquidOceanIOS.framework in Frameworks */ = {isa = PBXBuildFile; fileRef = 05EDA8A7C0586568557ABE70 /* Pods_LiquidOceanIOS.framework */; };
/* End PBXBuildFile section */

/* Begin PBXContainerItemProxy section */
		07BD25DD25D43FB700CF812E /* PBXContainerItemProxy */ = {
			isa = PBXContainerItemProxy;
			containerPortal = 07BD25BB25D43FB500CF812E /* Project object */;
			proxyType = 1;
			remoteGlobalIDString = 07BD25C225D43FB500CF812E;
			remoteInfo = LiquidOceanIOS;
		};
/* End PBXContainerItemProxy section */

/* Begin PBXFileReference section */
		05EDA8A7C0586568557ABE70 /* Pods_LiquidOceanIOS.framework */ = {isa = PBXFileReference; explicitFileType = wrapper.framework; includeInIndex = 0; path = Pods_LiquidOceanIOS.framework; sourceTree = BUILT_PRODUCTS_DIR; };
		07006C3B25D607D500DF9A64 /* UIDrawGestureRecognizer.swift */ = {isa = PBXFileReference; lastKnownFileType = sourcecode.swift; path = UIDrawGestureRecognizer.swift; sourceTree = "<group>"; };
		07006C3D25D6C2D500DF9A64 /* PaintQuantityBar.swift */ = {isa = PBXFileReference; lastKnownFileType = sourcecode.swift; path = PaintQuantityBar.swift; sourceTree = "<group>"; };
		07006C3F25D6CEF200DF9A64 /* MenuViewController.swift */ = {isa = PBXFileReference; lastKnownFileType = sourcecode.swift; path = MenuViewController.swift; sourceTree = "<group>"; };
		07006C4125DCB6D400DF9A64 /* PixelHistoryViewController.swift */ = {isa = PBXFileReference; lastKnownFileType = sourcecode.swift; path = PixelHistoryViewController.swift; sourceTree = "<group>"; };
		07006C4325DCB98E00DF9A64 /* PixelHistoryCollectionViewCell.swift */ = {isa = PBXFileReference; lastKnownFileType = sourcecode.swift; path = PixelHistoryCollectionViewCell.swift; sourceTree = "<group>"; };
		0704FB7327397D3B009799E1 /* PaletteHeaderCollectionReusableView.swift */ = {isa = PBXFileReference; lastKnownFileType = sourcecode.swift; path = PaletteHeaderCollectionReusableView.swift; sourceTree = "<group>"; };
		0704FB88273984C3009799E1 /* Inter-Bold.ttf */ = {isa = PBXFileReference; lastKnownFileType = file; path = "Inter-Bold.ttf"; sourceTree = "<group>"; };
		0704FB89273984C4009799E1 /* Inter-Regular.ttf */ = {isa = PBXFileReference; lastKnownFileType = file; path = "Inter-Regular.ttf"; sourceTree = "<group>"; };
		0704FB8A273984C5009799E1 /* Inter-ExtraLight.ttf */ = {isa = PBXFileReference; lastKnownFileType = file; path = "Inter-ExtraLight.ttf"; sourceTree = "<group>"; };
		0704FB8B273984C5009799E1 /* Inter-SemiBold.ttf */ = {isa = PBXFileReference; lastKnownFileType = file; path = "Inter-SemiBold.ttf"; sourceTree = "<group>"; };
		0704FB8C273984C6009799E1 /* Inter-Thin.ttf */ = {isa = PBXFileReference; lastKnownFileType = file; path = "Inter-Thin.ttf"; sourceTree = "<group>"; };
		0704FB8D273984C7009799E1 /* Inter-Black.ttf */ = {isa = PBXFileReference; lastKnownFileType = file; path = "Inter-Black.ttf"; sourceTree = "<group>"; };
		0704FB8E273984C7009799E1 /* Inter-Medium.ttf */ = {isa = PBXFileReference; lastKnownFileType = file; path = "Inter-Medium.ttf"; sourceTree = "<group>"; };
		0704FB8F273984C8009799E1 /* Inter-Light.ttf */ = {isa = PBXFileReference; lastKnownFileType = file; path = "Inter-Light.ttf"; sourceTree = "<group>"; };
		0704FB90273984C9009799E1 /* Inter-ExtraBold.ttf */ = {isa = PBXFileReference; lastKnownFileType = file; path = "Inter-ExtraBold.ttf"; sourceTree = "<group>"; };
		0704FB9A2739A511009799E1 /* InsetLabel.swift */ = {isa = PBXFileReference; lastKnownFileType = sourcecode.swift; path = InsetLabel.swift; sourceTree = "<group>"; };
		0707C5E52D63AAA5008E0120 /* PendingUndo.swift */ = {isa = PBXFileReference; lastKnownFileType = sourcecode.swift; path = PendingUndo.swift; sourceTree = "<group>"; };
		070DA9DC2732B97800D76775 /* CanvasImportViewController.swift */ = {isa = PBXFileReference; lastKnownFileType = sourcecode.swift; path = CanvasImportViewController.swift; sourceTree = "<group>"; };
		070DA9DE2732B98500D76775 /* CanvasExportViewController.swift */ = {isa = PBXFileReference; lastKnownFileType = sourcecode.swift; path = CanvasExportViewController.swift; sourceTree = "<group>"; };
		0712053525DEDF1100AE0F52 /* ActionButtonFrame.swift */ = {isa = PBXFileReference; lastKnownFileType = sourcecode.swift; path = ActionButtonFrame.swift; sourceTree = "<group>"; };
		0712053725DF2D5100AE0F52 /* RecentColorsViewController.swift */ = {isa = PBXFileReference; lastKnownFileType = sourcecode.swift; path = RecentColorsViewController.swift; sourceTree = "<group>"; };
		0712053925DF2F0700AE0F52 /* RecentColorCollectionViewCell.swift */ = {isa = PBXFileReference; lastKnownFileType = sourcecode.swift; path = RecentColorCollectionViewCell.swift; sourceTree = "<group>"; };
		07270EDF272B92B300DB35CE /* PalettesViewController.swift */ = {isa = PBXFileReference; lastKnownFileType = sourcecode.swift; path = PalettesViewController.swift; sourceTree = "<group>"; };
		07270EE1272C214300DB35CE /* Palette.swift */ = {isa = PBXFileReference; lastKnownFileType = sourcecode.swift; path = Palette.swift; sourceTree = "<group>"; };
		07270EE3272C333A00DB35CE /* PaletteCollectionViewCell.swift */ = {isa = PBXFileReference; lastKnownFileType = sourcecode.swift; path = PaletteCollectionViewCell.swift; sourceTree = "<group>"; };
		0731602A28A0159B00466BC4 /* ButtonFrame.swift */ = {isa = PBXFileReference; lastKnownFileType = sourcecode.swift; path = ButtonFrame.swift; sourceTree = "<group>"; };
		073663772608F16600E5403F /* PincodeViewController.swift */ = {isa = PBXFileReference; lastKnownFileType = sourcecode.swift; path = PincodeViewController.swift; sourceTree = "<group>"; };
		07366379260E148700E5403F /* AchievementIcon.swift */ = {isa = PBXFileReference; lastKnownFileType = sourcecode.swift; path = AchievementIcon.swift; sourceTree = "<group>"; };
		0744E87E2D61918E00C9DD29 /* green_circle.png */ = {isa = PBXFileReference; lastKnownFileType = image.png; path = green_circle.png; sourceTree = "<group>"; };
		0744E87F2D61918E00C9DD29 /* red_circle.png */ = {isa = PBXFileReference; lastKnownFileType = image.png; path = red_circle.png; sourceTree = "<group>"; };
		0744E8802D61918E00C9DD29 /* yellow_circle.png */ = {isa = PBXFileReference; lastKnownFileType = image.png; path = yellow_circle.png; sourceTree = "<group>"; };
		0744E8842D625E7300C9DD29 /* ErrorPixel.swift */ = {isa = PBXFileReference; lastKnownFileType = sourcecode.swift; path = ErrorPixel.swift; sourceTree = "<group>"; };
		074A76002D7179EB00D487EC /* CombinedGestureView.swift */ = {isa = PBXFileReference; lastKnownFileType = sourcecode.swift; path = CombinedGestureView.swift; sourceTree = "<group>"; };
		075DE9492D7288A8007C664D /* CanvasClientIndicatorsView.swift */ = {isa = PBXFileReference; lastKnownFileType = sourcecode.swift; path = CanvasClientIndicatorsView.swift; sourceTree = "<group>"; };
		076120DD2D738FF40030DAA9 /* UIViewController+SwiftUIHosting.swift */ = {isa = PBXFileReference; lastKnownFileType = sourcecode.swift; path = "UIViewController+SwiftUIHosting.swift"; sourceTree = "<group>"; };
		076120E12D73932C0030DAA9 /* SummaryClientIndicatorsView.swift */ = {isa = PBXFileReference; lastKnownFileType = sourcecode.swift; path = SummaryClientIndicatorsView.swift; sourceTree = "<group>"; };
		076120E32D73A1450030DAA9 /* ClientListView.swift */ = {isa = PBXFileReference; lastKnownFileType = sourcecode.swift; path = ClientListView.swift; sourceTree = "<group>"; };
		076ADE6E2D77BCFB0059827A /* PublicServerListView.swift */ = {isa = PBXFileReference; lastKnownFileType = sourcecode.swift; path = PublicServerListView.swift; sourceTree = "<group>"; };
		0783F3BD2D767B7A006DA53F /* ServerListItemView.swift */ = {isa = PBXFileReference; lastKnownFileType = sourcecode.swift; path = ServerListItemView.swift; sourceTree = "<group>"; };
		0788916A2D74AF4700B4041B /* CanvasMenuView.swift */ = {isa = PBXFileReference; lastKnownFileType = sourcecode.swift; path = CanvasMenuView.swift; sourceTree = "<group>"; };
		0788916C2D74AF8700B4041B /* CanvasMenuItemView.swift */ = {isa = PBXFileReference; lastKnownFileType = sourcecode.swift; path = CanvasMenuItemView.swift; sourceTree = "<group>"; };
		0788916E2D74BCA400B4041B /* server_person.svg */ = {isa = PBXFileReference; lastKnownFileType = text; path = server_person.svg; sourceTree = "<group>"; };
		078891712D750E5300B4041B /* ServerListViewModel.swift */ = {isa = PBXFileReference; lastKnownFileType = sourcecode.swift; path = ServerListViewModel.swift; sourceTree = "<group>"; };
		078891752D750ECC00B4041B /* ServerListsView.swift */ = {isa = PBXFileReference; lastKnownFileType = sourcecode.swift; path = ServerListsView.swift; sourceTree = "<group>"; };
		0788E47C25FBD1D8004FC782 /* iOSDeviceModelMapping.plist */ = {isa = PBXFileReference; lastKnownFileType = text.plist.xml; path = iOSDeviceModelMapping.plist; sourceTree = "<group>"; };
		0788E47E25FBD3F5004FC782 /* UIView+SafeAnchors.swift */ = {isa = PBXFileReference; lastKnownFileType = sourcecode.swift; path = "UIView+SafeAnchors.swift"; sourceTree = "<group>"; };
		0788E48025FC58BC004FC782 /* ColorPickerOutletsViewController.swift */ = {isa = PBXFileReference; lastKnownFileType = sourcecode.swift; path = ColorPickerOutletsViewController.swift; sourceTree = "<group>"; };
		078AF006260119DE00AB4CE4 /* InteractiveCanvasSocket.swift */ = {isa = PBXFileReference; lastKnownFileType = sourcecode.swift; path = InteractiveCanvasSocket.swift; sourceTree = "<group>"; };
		078AF00826016CCB00AB4CE4 /* PaintQuantityCircle.swift */ = {isa = PBXFileReference; lastKnownFileType = sourcecode.swift; path = PaintQuantityCircle.swift; sourceTree = "<group>"; };
		078D406A2D72B9E8003C57F2 /* ClientInfo.swift */ = {isa = PBXFileReference; lastKnownFileType = sourcecode.swift; path = ClientInfo.swift; sourceTree = "<group>"; };
		07A246D525D4A83500C73CA6 /* LoadingViewController.swift */ = {isa = PBXFileReference; lastKnownFileType = sourcecode.swift; path = LoadingViewController.swift; sourceTree = "<group>"; };
		07A246D725D4BF0800C73CA6 /* URLSessionHandler.swift */ = {isa = PBXFileReference; lastKnownFileType = sourcecode.swift; path = URLSessionHandler.swift; sourceTree = "<group>"; };
		07A305F225D5B6F5003A6CEA /* ActionButtonView.swift */ = {isa = PBXFileReference; lastKnownFileType = sourcecode.swift; path = ActionButtonView.swift; sourceTree = "<group>"; };
		07A305F425D5D348003A6CEA /* PaintColorIndicator.swift */ = {isa = PBXFileReference; lastKnownFileType = sourcecode.swift; path = PaintColorIndicator.swift; sourceTree = "<group>"; };
		07A3060225D5FFBD003A6CEA /* ChromaColorPicker */ = {isa = PBXFileReference; lastKnownFileType = folder; name = ChromaColorPicker; path = ../ChromaColorPicker; sourceTree = "<group>"; };
		07A7C842272AEEC9003AD69C /* UITouchGestureRecognizer.swift */ = {isa = PBXFileReference; lastKnownFileType = sourcecode.swift; path = UITouchGestureRecognizer.swift; sourceTree = "<group>"; };
		07A9B15325EC878F009A47DF /* fire_badge_json.json */ = {isa = PBXFileReference; fileEncoding = 4; lastKnownFileType = text.json; path = fire_badge_json.json; sourceTree = "<group>"; };
		07A9B15425EC878F009A47DF /* mc_tool_json.json */ = {isa = PBXFileReference; fileEncoding = 4; lastKnownFileType = text.json; path = mc_tool_json.json; sourceTree = "<group>"; };
		07A9B15525EC878F009A47DF /* mushroom_json.json */ = {isa = PBXFileReference; fileEncoding = 4; lastKnownFileType = text.json; path = mushroom_json.json; sourceTree = "<group>"; };
		07A9B15625EC878F009A47DF /* fries_json.json */ = {isa = PBXFileReference; fileEncoding = 4; lastKnownFileType = text.json; path = fries_json.json; sourceTree = "<group>"; };
		07A9B15725EC878F009A47DF /* globe_json.json */ = {isa = PBXFileReference; fileEncoding = 4; lastKnownFileType = text.json; path = globe_json.json; sourceTree = "<group>"; };
		07A9B15825EC878F009A47DF /* doughnut_json.json */ = {isa = PBXFileReference; fileEncoding = 4; lastKnownFileType = text.json; path = doughnut_json.json; sourceTree = "<group>"; };
		07A9B15925EC878F009A47DF /* water_drop_json.json */ = {isa = PBXFileReference; fileEncoding = 4; lastKnownFileType = text.json; path = water_drop_json.json; sourceTree = "<group>"; };
		07A9B15A25EC878F009A47DF /* bird_json.json */ = {isa = PBXFileReference; fileEncoding = 4; lastKnownFileType = text.json; path = bird_json.json; sourceTree = "<group>"; };
		07A9B15B25EC878F009A47DF /* hfs_json.json */ = {isa = PBXFileReference; fileEncoding = 4; lastKnownFileType = text.json; path = hfs_json.json; sourceTree = "<group>"; };
		07A9B15C25EC878F009A47DF /* rainbow_badge.json */ = {isa = PBXFileReference; fileEncoding = 4; lastKnownFileType = text.json; path = rainbow_badge.json; sourceTree = "<group>"; };
		07A9B15D25EC878F009A47DF /* paint_bucket_json.json */ = {isa = PBXFileReference; fileEncoding = 4; lastKnownFileType = text.json; path = paint_bucket_json.json; sourceTree = "<group>"; };
		07A9B15E25EC878F009A47DF /* leaf_json.json */ = {isa = PBXFileReference; fileEncoding = 4; lastKnownFileType = text.json; path = leaf_json.json; sourceTree = "<group>"; };
		07A9B15F25EC8790009A47DF /* contra_json.json */ = {isa = PBXFileReference; fileEncoding = 4; lastKnownFileType = text.json; path = contra_json.json; sourceTree = "<group>"; };
		07A9B16D25ED2941009A47DF /* HowtoViewController.swift */ = {isa = PBXFileReference; lastKnownFileType = sourcecode.swift; path = HowtoViewController.swift; sourceTree = "<group>"; };
		07A9B16F25ED611C009A47DF /* PanelThemeConfig.swift */ = {isa = PBXFileReference; lastKnownFileType = sourcecode.swift; path = PanelThemeConfig.swift; sourceTree = "<group>"; };
		07A9B17125ED6CCB009A47DF /* amb_12.jpg */ = {isa = PBXFileReference; lastKnownFileType = image.jpeg; path = amb_12.jpg; sourceTree = "<group>"; };
		07A9B17225ED6CCB009A47DF /* amb_4.jpg */ = {isa = PBXFileReference; lastKnownFileType = image.jpeg; path = amb_4.jpg; sourceTree = "<group>"; };
		07A9B17325ED6CCB009A47DF /* amb_7.jpg */ = {isa = PBXFileReference; lastKnownFileType = image.jpeg; path = amb_7.jpg; sourceTree = "<group>"; };
		07A9B17425ED6CCC009A47DF /* amb_6.jpg */ = {isa = PBXFileReference; lastKnownFileType = image.jpeg; path = amb_6.jpg; sourceTree = "<group>"; };
		07A9B17525ED6CCC009A47DF /* amb_10.jpg */ = {isa = PBXFileReference; lastKnownFileType = image.jpeg; path = amb_10.jpg; sourceTree = "<group>"; };
		07A9B17625ED6CCC009A47DF /* amb_9.jpg */ = {isa = PBXFileReference; lastKnownFileType = image.jpeg; path = amb_9.jpg; sourceTree = "<group>"; };
		07A9B17725ED6CCC009A47DF /* amb_8.jpg */ = {isa = PBXFileReference; lastKnownFileType = image.jpeg; path = amb_8.jpg; sourceTree = "<group>"; };
		07A9B17825ED6CCC009A47DF /* amb_5.jpg */ = {isa = PBXFileReference; lastKnownFileType = image.jpeg; path = amb_5.jpg; sourceTree = "<group>"; };
		07A9B17925ED6CCC009A47DF /* amb_14.jpg */ = {isa = PBXFileReference; lastKnownFileType = image.jpeg; path = amb_14.jpg; sourceTree = "<group>"; };
		07A9B17A25ED6CCC009A47DF /* amb_15.jpg */ = {isa = PBXFileReference; lastKnownFileType = image.jpeg; path = amb_15.jpg; sourceTree = "<group>"; };
		07A9B17B25ED6CCC009A47DF /* amb_2.jpg */ = {isa = PBXFileReference; lastKnownFileType = image.jpeg; path = amb_2.jpg; sourceTree = "<group>"; };
		07A9B17C25ED6CCC009A47DF /* sf_3.jpg */ = {isa = PBXFileReference; lastKnownFileType = image.jpeg; path = sf_3.jpg; sourceTree = "<group>"; };
		07A9B17D25ED6CCD009A47DF /* amb_11.jpg */ = {isa = PBXFileReference; lastKnownFileType = image.jpeg; path = amb_11.jpg; sourceTree = "<group>"; };
		07A9B17E25ED6CCD009A47DF /* grass_dry.jpg */ = {isa = PBXFileReference; lastKnownFileType = image.jpeg; path = grass_dry.jpg; sourceTree = "<group>"; };
		07A9B17F25ED6CCD009A47DF /* amb_13.jpg */ = {isa = PBXFileReference; lastKnownFileType = image.jpeg; path = amb_13.jpg; sourceTree = "<group>"; };
		07A9B18025ED6CCD009A47DF /* grass.jpg */ = {isa = PBXFileReference; lastKnownFileType = image.jpeg; path = grass.jpg; sourceTree = "<group>"; };
		07A9B18125ED6CCD009A47DF /* sf_1.jpg */ = {isa = PBXFileReference; lastKnownFileType = image.jpeg; path = sf_1.jpg; sourceTree = "<group>"; };
		07A9B18225ED6CCD009A47DF /* amb_3.jpg */ = {isa = PBXFileReference; lastKnownFileType = image.jpeg; path = amb_3.jpg; sourceTree = "<group>"; };
		07A9B19525EDAB8F009A47DF /* ColorPickerViewController.swift */ = {isa = PBXFileReference; lastKnownFileType = sourcecode.swift; path = ColorPickerViewController.swift; sourceTree = "<group>"; };
		07AE665E289ED5BE00E2E9FC /* ServerCell.swift */ = {isa = PBXFileReference; lastKnownFileType = sourcecode.swift; path = ServerCell.swift; sourceTree = "<group>"; };
		07BBBAB92896E3B3008A6B9E /* QueueSocket.swift */ = {isa = PBXFileReference; lastKnownFileType = sourcecode.swift; path = QueueSocket.swift; sourceTree = "<group>"; };
		07BD25C325D43FB500CF812E /* LiquidOceanIOS.app */ = {isa = PBXFileReference; explicitFileType = wrapper.application; includeInIndex = 0; path = LiquidOceanIOS.app; sourceTree = BUILT_PRODUCTS_DIR; };
		07BD25C625D43FB500CF812E /* AppDelegate.swift */ = {isa = PBXFileReference; lastKnownFileType = sourcecode.swift; path = AppDelegate.swift; sourceTree = "<group>"; };
		07BD25C825D43FB500CF812E /* SceneDelegate.swift */ = {isa = PBXFileReference; lastKnownFileType = sourcecode.swift; path = SceneDelegate.swift; sourceTree = "<group>"; };
		07BD25CA25D43FB500CF812E /* InteractiveCanvasViewController.swift */ = {isa = PBXFileReference; lastKnownFileType = sourcecode.swift; path = InteractiveCanvasViewController.swift; sourceTree = "<group>"; };
		07BD25CD25D43FB500CF812E /* Base */ = {isa = PBXFileReference; lastKnownFileType = file.storyboard; name = Base; path = Base.lproj/Main.storyboard; sourceTree = "<group>"; };
		07BD25D025D43FB500CF812E /* LiquidOceanIOS.xcdatamodel */ = {isa = PBXFileReference; lastKnownFileType = wrapper.xcdatamodel; path = LiquidOceanIOS.xcdatamodel; sourceTree = "<group>"; };
		07BD25D225D43FB700CF812E /* Assets.xcassets */ = {isa = PBXFileReference; lastKnownFileType = folder.assetcatalog; path = Assets.xcassets; sourceTree = "<group>"; };
		07BD25D525D43FB700CF812E /* Base */ = {isa = PBXFileReference; lastKnownFileType = file.storyboard; name = Base; path = Base.lproj/LaunchScreen.storyboard; sourceTree = "<group>"; };
		07BD25D725D43FB700CF812E /* Info.plist */ = {isa = PBXFileReference; lastKnownFileType = text.plist.xml; path = Info.plist; sourceTree = "<group>"; };
		07BD25DC25D43FB700CF812E /* LiquidOceanIOSTests.xctest */ = {isa = PBXFileReference; explicitFileType = wrapper.cfbundle; includeInIndex = 0; path = LiquidOceanIOSTests.xctest; sourceTree = BUILT_PRODUCTS_DIR; };
		07BD25E025D43FB700CF812E /* LiquidOceanIOSTests.swift */ = {isa = PBXFileReference; lastKnownFileType = sourcecode.swift; path = LiquidOceanIOSTests.swift; sourceTree = "<group>"; };
		07BD25E225D43FB700CF812E /* Info.plist */ = {isa = PBXFileReference; lastKnownFileType = text.plist.xml; path = Info.plist; sourceTree = "<group>"; };
		07BD25EC25D440DD00CF812E /* InteractiveCanvasView.swift */ = {isa = PBXFileReference; lastKnownFileType = sourcecode.swift; path = InteractiveCanvasView.swift; sourceTree = "<group>"; };
		07BD25EF25D4461400CF812E /* InteractiveCanvas.swift */ = {isa = PBXFileReference; lastKnownFileType = sourcecode.swift; path = InteractiveCanvas.swift; sourceTree = "<group>"; };
		07BD25F425D44F2A00CF812E /* Utils.swift */ = {isa = PBXFileReference; lastKnownFileType = sourcecode.swift; path = Utils.swift; sourceTree = "<group>"; };
		07BD25F625D44FE900CF812E /* UIColor+Conversions.swift */ = {isa = PBXFileReference; lastKnownFileType = sourcecode.swift; path = "UIColor+Conversions.swift"; sourceTree = "<group>"; };
		07BD25F825D450CF00CF812E /* SessionSettings.swift */ = {isa = PBXFileReference; lastKnownFileType = sourcecode.swift; path = SessionSettings.swift; sourceTree = "<group>"; };
		07C9CCE5272ECA2900C9D0A1 /* CanvasFrameViewController.swift */ = {isa = PBXFileReference; lastKnownFileType = sourcecode.swift; path = CanvasFrameViewController.swift; sourceTree = "<group>"; };
		07D0ED23272DCE5F00755C1D /* InteractiveCanvasSummaryView.swift */ = {isa = PBXFileReference; lastKnownFileType = sourcecode.swift; path = InteractiveCanvasSummaryView.swift; sourceTree = "<group>"; };
		07D0ED25272DFC9000755C1D /* DeviceViewportSummaryView.swift */ = {isa = PBXFileReference; lastKnownFileType = sourcecode.swift; path = DeviceViewportSummaryView.swift; sourceTree = "<group>"; };
		07D6934228BA57A300F2EBE7 /* TermsOfUseViewController.swift */ = {isa = PBXFileReference; lastKnownFileType = sourcecode.swift; path = TermsOfUseViewController.swift; sourceTree = "<group>"; };
		07D6934428BA993C00F2EBE7 /* OptionContainerView.swift */ = {isa = PBXFileReference; lastKnownFileType = sourcecode.swift; path = OptionContainerView.swift; sourceTree = "<group>"; };
		07E5FAAA28BAA3C700C4717D /* Solid_black.png */ = {isa = PBXFileReference; lastKnownFileType = image.png; path = Solid_black.png; sourceTree = "<group>"; };
		07F573C7289EA65D00D4C9EF /* Server.swift */ = {isa = PBXFileReference; lastKnownFileType = sourcecode.swift; path = Server.swift; sourceTree = "<group>"; };
		07FF5EFE25DF5833003E19AE /* ArtView.swift */ = {isa = PBXFileReference; lastKnownFileType = sourcecode.swift; path = ArtView.swift; sourceTree = "<group>"; };
		07FF5F0025DF616A003E19AE /* ExportViewController.swift */ = {isa = PBXFileReference; lastKnownFileType = sourcecode.swift; path = ExportViewController.swift; sourceTree = "<group>"; };
		07FF5F0225E41EF9003E19AE /* StatsViewController.swift */ = {isa = PBXFileReference; lastKnownFileType = sourcecode.swift; path = StatsViewController.swift; sourceTree = "<group>"; };
		07FF5F0425E421A9003E19AE /* StatAchievementCollectionViewCell.swift */ = {isa = PBXFileReference; lastKnownFileType = sourcecode.swift; path = StatAchievementCollectionViewCell.swift; sourceTree = "<group>"; };
		07FF5F0625E42C1C003E19AE /* ActionButtonReusableView.swift */ = {isa = PBXFileReference; lastKnownFileType = sourcecode.swift; path = ActionButtonReusableView.swift; sourceTree = "<group>"; };
		07FF5F0825E4354B003E19AE /* StatTracker.swift */ = {isa = PBXFileReference; lastKnownFileType = sourcecode.swift; path = StatTracker.swift; sourceTree = "<group>"; };
		07FF5F0A25E481BB003E19AE /* Animator.swift */ = {isa = PBXFileReference; lastKnownFileType = sourcecode.swift; path = Animator.swift; sourceTree = "<group>"; };
		07FF5F0C25E54DCF003E19AE /* SignInViewController.swift */ = {isa = PBXFileReference; lastKnownFileType = sourcecode.swift; path = SignInViewController.swift; sourceTree = "<group>"; };
		07FF5F0E25E54EE7003E19AE /* OptionsViewController.swift */ = {isa = PBXFileReference; lastKnownFileType = sourcecode.swift; path = OptionsViewController.swift; sourceTree = "<group>"; };
		07FF5F1025E5BA4F003E19AE /* PanelBackgroundCollectionViewCell.swift */ = {isa = PBXFileReference; lastKnownFileType = sourcecode.swift; path = PanelBackgroundCollectionViewCell.swift; sourceTree = "<group>"; };
		07FF5F1225E5BDF3003E19AE /* marble_2.jpg */ = {isa = PBXFileReference; lastKnownFileType = image.jpeg; path = marble_2.jpg; sourceTree = "<group>"; };
		07FF5F1325E5BDF3003E19AE /* crystal_3.jpg */ = {isa = PBXFileReference; lastKnownFileType = image.jpeg; path = crystal_3.jpg; sourceTree = "<group>"; };
		07FF5F1425E5BDF3003E19AE /* crystal_7.jpg */ = {isa = PBXFileReference; lastKnownFileType = image.jpeg; path = crystal_7.jpg; sourceTree = "<group>"; };
		07FF5F1525E5BDF3003E19AE /* crystal_5.jpg */ = {isa = PBXFileReference; lastKnownFileType = image.jpeg; path = crystal_5.jpg; sourceTree = "<group>"; };
		07FF5F1625E5BDF3003E19AE /* crystal_8.jpg */ = {isa = PBXFileReference; lastKnownFileType = image.jpeg; path = crystal_8.jpg; sourceTree = "<group>"; };
		07FF5F1725E5BDF4003E19AE /* metal_floor_2.jpg */ = {isa = PBXFileReference; lastKnownFileType = image.jpeg; path = metal_floor_2.jpg; sourceTree = "<group>"; };
		07FF5F1825E5BDF4003E19AE /* space_texture.jpg */ = {isa = PBXFileReference; lastKnownFileType = image.jpeg; path = space_texture.jpg; sourceTree = "<group>"; };
		07FF5F1925E5BDF4003E19AE /* foil.jpg */ = {isa = PBXFileReference; lastKnownFileType = image.jpeg; path = foil.jpg; sourceTree = "<group>"; };
		07FF5F1A25E5BDF4003E19AE /* crystal_6.jpg */ = {isa = PBXFileReference; lastKnownFileType = image.jpeg; path = crystal_6.jpg; sourceTree = "<group>"; };
		07FF5F1B25E5BDF4003E19AE /* wood_texture.png */ = {isa = PBXFileReference; lastKnownFileType = image.png; path = wood_texture.png; sourceTree = "<group>"; };
		07FF5F1C25E5BDF5003E19AE /* crystal_10.jpg */ = {isa = PBXFileReference; lastKnownFileType = image.jpeg; path = crystal_10.jpg; sourceTree = "<group>"; };
		07FF5F1D25E5BDF5003E19AE /* crystal_9.jpg */ = {isa = PBXFileReference; lastKnownFileType = image.jpeg; path = crystal_9.jpg; sourceTree = "<group>"; };
		07FF5F1E25E5BDF5003E19AE /* crystal_4.jpg */ = {isa = PBXFileReference; lastKnownFileType = image.jpeg; path = crystal_4.jpg; sourceTree = "<group>"; };
		07FF5F1F25E5BDF5003E19AE /* rainbow_foil.jpg */ = {isa = PBXFileReference; lastKnownFileType = image.jpeg; path = rainbow_foil.jpg; sourceTree = "<group>"; };
		07FF5F2025E5BDF5003E19AE /* metal_floor_1.jpg */ = {isa = PBXFileReference; lastKnownFileType = image.jpeg; path = metal_floor_1.jpg; sourceTree = "<group>"; };
		07FF5F2125E5BDF6003E19AE /* crystal_1.jpg */ = {isa = PBXFileReference; lastKnownFileType = image.jpeg; path = crystal_1.jpg; sourceTree = "<group>"; };
		07FF5F2225E5BDF6003E19AE /* wood_texture_light.jpg */ = {isa = PBXFileReference; lastKnownFileType = image.jpeg; path = wood_texture_light.jpg; sourceTree = "<group>"; };
		07FF5F2325E5BDF6003E19AE /* crystal_2.jpg */ = {isa = PBXFileReference; lastKnownFileType = image.jpeg; path = crystal_2.jpg; sourceTree = "<group>"; };
		07FF5F2425E5BDF6003E19AE /* water_texture.jpg */ = {isa = PBXFileReference; lastKnownFileType = image.jpeg; path = water_texture.jpg; sourceTree = "<group>"; };
		07FF5F2525E5BDF6003E19AE /* fall_leaves.png */ = {isa = PBXFileReference; lastKnownFileType = image.png; path = fall_leaves.png; sourceTree = "<group>"; };
		7C69133797B75247512FDC6F /* Pods-LiquidOceanIOS.debug.xcconfig */ = {isa = PBXFileReference; includeInIndex = 1; lastKnownFileType = text.xcconfig; name = "Pods-LiquidOceanIOS.debug.xcconfig"; path = "Target Support Files/Pods-LiquidOceanIOS/Pods-LiquidOceanIOS.debug.xcconfig"; sourceTree = "<group>"; };
		E99D39E07113D350CD95FFDB /* Pods-LiquidOceanIOS.release.xcconfig */ = {isa = PBXFileReference; includeInIndex = 1; lastKnownFileType = text.xcconfig; name = "Pods-LiquidOceanIOS.release.xcconfig"; path = "Target Support Files/Pods-LiquidOceanIOS/Pods-LiquidOceanIOS.release.xcconfig"; sourceTree = "<group>"; };
/* End PBXFileReference section */

/* Begin PBXFrameworksBuildPhase section */
		07BD25C025D43FB500CF812E /* Frameworks */ = {
			isa = PBXFrameworksBuildPhase;
			buildActionMask = 2147483647;
			files = (
				694BC21AFC56E5590CC0765E /* Pods_LiquidOceanIOS.framework in Frameworks */,
			);
			runOnlyForDeploymentPostprocessing = 0;
		};
		07BD25D925D43FB700CF812E /* Frameworks */ = {
			isa = PBXFrameworksBuildPhase;
			buildActionMask = 2147483647;
			files = (
			);
			runOnlyForDeploymentPostprocessing = 0;
		};
/* End PBXFrameworksBuildPhase section */

/* Begin PBXGroup section */
		07006C4525DEB54600DF9A64 /* Controller */ = {
			isa = PBXGroup;
			children = (
				07006C3F25D6CEF200DF9A64 /* MenuViewController.swift */,
				07A246D525D4A83500C73CA6 /* LoadingViewController.swift */,
				07006C4125DCB6D400DF9A64 /* PixelHistoryViewController.swift */,
				07BD25CA25D43FB500CF812E /* InteractiveCanvasViewController.swift */,
				0712053725DF2D5100AE0F52 /* RecentColorsViewController.swift */,
				07FF5F0025DF616A003E19AE /* ExportViewController.swift */,
				07FF5F0225E41EF9003E19AE /* StatsViewController.swift */,
				07FF5F0C25E54DCF003E19AE /* SignInViewController.swift */,
				07FF5F0E25E54EE7003E19AE /* OptionsViewController.swift */,
				07A9B16D25ED2941009A47DF /* HowtoViewController.swift */,
				07A9B19525EDAB8F009A47DF /* ColorPickerViewController.swift */,
				0788E48025FC58BC004FC782 /* ColorPickerOutletsViewController.swift */,
				073663772608F16600E5403F /* PincodeViewController.swift */,
				07270EDF272B92B300DB35CE /* PalettesViewController.swift */,
				07C9CCE5272ECA2900C9D0A1 /* CanvasFrameViewController.swift */,
				070DA9DC2732B97800D76775 /* CanvasImportViewController.swift */,
				070DA9DE2732B98500D76775 /* CanvasExportViewController.swift */,
				07D6934228BA57A300F2EBE7 /* TermsOfUseViewController.swift */,
			);
			path = Controller;
			sourceTree = "<group>";
		};
		0704FB75273982CE009799E1 /* font */ = {
			isa = PBXGroup;
			children = (
				0704FB8D273984C7009799E1 /* Inter-Black.ttf */,
				0704FB88273984C3009799E1 /* Inter-Bold.ttf */,
				0704FB90273984C9009799E1 /* Inter-ExtraBold.ttf */,
				0704FB8A273984C5009799E1 /* Inter-ExtraLight.ttf */,
				0704FB8F273984C8009799E1 /* Inter-Light.ttf */,
				0704FB8E273984C7009799E1 /* Inter-Medium.ttf */,
				0704FB89273984C4009799E1 /* Inter-Regular.ttf */,
				0704FB8B273984C5009799E1 /* Inter-SemiBold.ttf */,
				0704FB8C273984C6009799E1 /* Inter-Thin.ttf */,
			);
			path = font;
			sourceTree = "<group>";
		};
		075DE9382D728815007C664D /* SwiftUI */ = {
			isa = PBXGroup;
			children = (
				078891732D750E8800B4041B /* Menu */,
				078891742D750E9300B4041B /* Canvas */,
			);
			path = SwiftUI;
			sourceTree = "<group>";
		};
		078891702D750E3000B4041B /* ViewModel */ = {
			isa = PBXGroup;
			children = (
				078891712D750E5300B4041B /* ServerListViewModel.swift */,
			);
			path = ViewModel;
			sourceTree = "<group>";
		};
		078891732D750E8800B4041B /* Menu */ = {
			isa = PBXGroup;
			children = (
				078891752D750ECC00B4041B /* ServerListsView.swift */,
				0783F3BD2D767B7A006DA53F /* ServerListItemView.swift */,
				076ADE6E2D77BCFB0059827A /* PublicServerListView.swift */,
			);
			path = Menu;
			sourceTree = "<group>";
		};
		078891742D750E9300B4041B /* Canvas */ = {
			isa = PBXGroup;
			children = (
				075DE9492D7288A8007C664D /* CanvasClientIndicatorsView.swift */,
				076120E12D73932C0030DAA9 /* SummaryClientIndicatorsView.swift */,
				076120E32D73A1450030DAA9 /* ClientListView.swift */,
				0788916A2D74AF4700B4041B /* CanvasMenuView.swift */,
				0788916C2D74AF8700B4041B /* CanvasMenuItemView.swift */,
			);
			path = Canvas;
			sourceTree = "<group>";
		};
		07A305EF25D5B55B003A6CEA /* Images */ = {
			isa = PBXGroup;
			children = (
				07E5FAAA28BAA3C700C4717D /* Solid_black.png */,
				07A9B17B25ED6CCC009A47DF /* amb_2.jpg */,
				07A9B18225ED6CCD009A47DF /* amb_3.jpg */,
				07A9B17225ED6CCB009A47DF /* amb_4.jpg */,
				07A9B17825ED6CCC009A47DF /* amb_5.jpg */,
				07A9B17425ED6CCC009A47DF /* amb_6.jpg */,
				07A9B17325ED6CCB009A47DF /* amb_7.jpg */,
				07A9B17725ED6CCC009A47DF /* amb_8.jpg */,
				07A9B17625ED6CCC009A47DF /* amb_9.jpg */,
				07A9B17525ED6CCC009A47DF /* amb_10.jpg */,
				07A9B17D25ED6CCD009A47DF /* amb_11.jpg */,
				07A9B17125ED6CCB009A47DF /* amb_12.jpg */,
				07A9B17F25ED6CCD009A47DF /* amb_13.jpg */,
				07A9B17925ED6CCC009A47DF /* amb_14.jpg */,
				07A9B17A25ED6CCC009A47DF /* amb_15.jpg */,
				07A9B17E25ED6CCD009A47DF /* grass_dry.jpg */,
				07A9B18025ED6CCD009A47DF /* grass.jpg */,
				07A9B18125ED6CCD009A47DF /* sf_1.jpg */,
				07A9B17C25ED6CCC009A47DF /* sf_3.jpg */,
				07FF5F2125E5BDF6003E19AE /* crystal_1.jpg */,
				07FF5F2325E5BDF6003E19AE /* crystal_2.jpg */,
				07FF5F1325E5BDF3003E19AE /* crystal_3.jpg */,
				07FF5F1E25E5BDF5003E19AE /* crystal_4.jpg */,
				07FF5F1525E5BDF3003E19AE /* crystal_5.jpg */,
				07FF5F1A25E5BDF4003E19AE /* crystal_6.jpg */,
				07FF5F1425E5BDF3003E19AE /* crystal_7.jpg */,
				07FF5F1625E5BDF3003E19AE /* crystal_8.jpg */,
				07FF5F1D25E5BDF5003E19AE /* crystal_9.jpg */,
				07FF5F1C25E5BDF5003E19AE /* crystal_10.jpg */,
				07FF5F2525E5BDF6003E19AE /* fall_leaves.png */,
				07FF5F1925E5BDF4003E19AE /* foil.jpg */,
				07FF5F1225E5BDF3003E19AE /* marble_2.jpg */,
				07FF5F2025E5BDF5003E19AE /* metal_floor_1.jpg */,
				07FF5F1725E5BDF4003E19AE /* metal_floor_2.jpg */,
				07FF5F1F25E5BDF5003E19AE /* rainbow_foil.jpg */,
				07FF5F1825E5BDF4003E19AE /* space_texture.jpg */,
				07FF5F2425E5BDF6003E19AE /* water_texture.jpg */,
				07FF5F2225E5BDF6003E19AE /* wood_texture_light.jpg */,
				07FF5F1B25E5BDF4003E19AE /* wood_texture.png */,
				0744E87E2D61918E00C9DD29 /* green_circle.png */,
				0744E87F2D61918E00C9DD29 /* red_circle.png */,
				0744E8802D61918E00C9DD29 /* yellow_circle.png */,
				0788916E2D74BCA400B4041B /* server_person.svg */,
			);
			path = Images;
			sourceTree = "<group>";
		};
		07A9B15225EC86B1009A47DF /* json */ = {
			isa = PBXGroup;
			children = (
				07A9B15A25EC878F009A47DF /* bird_json.json */,
				07A9B15F25EC8790009A47DF /* contra_json.json */,
				07A9B15825EC878F009A47DF /* doughnut_json.json */,
				07A9B15325EC878F009A47DF /* fire_badge_json.json */,
				07A9B15625EC878F009A47DF /* fries_json.json */,
				07A9B15725EC878F009A47DF /* globe_json.json */,
				07A9B15B25EC878F009A47DF /* hfs_json.json */,
				07A9B15E25EC878F009A47DF /* leaf_json.json */,
				07A9B15425EC878F009A47DF /* mc_tool_json.json */,
				07A9B15525EC878F009A47DF /* mushroom_json.json */,
				07A9B15D25EC878F009A47DF /* paint_bucket_json.json */,
				07A9B15C25EC878F009A47DF /* rainbow_badge.json */,
				07A9B15925EC878F009A47DF /* water_drop_json.json */,
			);
			path = json;
			sourceTree = "<group>";
		};
		07BD25BA25D43FB500CF812E = {
			isa = PBXGroup;
			children = (
				07BD25C525D43FB500CF812E /* LiquidOceanIOS */,
				07BD25DF25D43FB700CF812E /* LiquidOceanIOSTests */,
				07BD25C425D43FB500CF812E /* Products */,
				7940447D3B0BE8CAF95CF88D /* Pods */,
				10694157BC2769F4D79F5181 /* Frameworks */,
			);
			sourceTree = "<group>";
		};
		07BD25C425D43FB500CF812E /* Products */ = {
			isa = PBXGroup;
			children = (
				07BD25C325D43FB500CF812E /* LiquidOceanIOS.app */,
				07BD25DC25D43FB700CF812E /* LiquidOceanIOSTests.xctest */,
			);
			name = Products;
			sourceTree = "<group>";
		};
		07BD25C525D43FB500CF812E /* LiquidOceanIOS */ = {
			isa = PBXGroup;
			children = (
				078891702D750E3000B4041B /* ViewModel */,
				075DE9382D728815007C664D /* SwiftUI */,
				0704FB75273982CE009799E1 /* font */,
				07A9B15225EC86B1009A47DF /* json */,
				07006C4525DEB54600DF9A64 /* Controller */,
				07A305EF25D5B55B003A6CEA /* Images */,
				07BD25F325D44F1600CF812E /* Helper */,
				07BD25EE25D445E300CF812E /* Model */,
				07BD25EB25D440CA00CF812E /* View */,
				07BD25C625D43FB500CF812E /* AppDelegate.swift */,
				07BD25C825D43FB500CF812E /* SceneDelegate.swift */,
				07BD25CC25D43FB500CF812E /* Main.storyboard */,
				07BD25D225D43FB700CF812E /* Assets.xcassets */,
				07BD25D425D43FB700CF812E /* LaunchScreen.storyboard */,
				07BD25D725D43FB700CF812E /* Info.plist */,
				07BD25CF25D43FB500CF812E /* LiquidOceanIOS.xcdatamodeld */,
				0788E47C25FBD1D8004FC782 /* iOSDeviceModelMapping.plist */,
			);
			path = LiquidOceanIOS;
			sourceTree = "<group>";
		};
		07BD25DF25D43FB700CF812E /* LiquidOceanIOSTests */ = {
			isa = PBXGroup;
			children = (
				07BD25E025D43FB700CF812E /* LiquidOceanIOSTests.swift */,
				07BD25E225D43FB700CF812E /* Info.plist */,
			);
			path = LiquidOceanIOSTests;
			sourceTree = "<group>";
		};
		07BD25EB25D440CA00CF812E /* View */ = {
			isa = PBXGroup;
			children = (
				07006C4325DCB98E00DF9A64 /* PixelHistoryCollectionViewCell.swift */,
				07BD25EC25D440DD00CF812E /* InteractiveCanvasView.swift */,
				07A305F225D5B6F5003A6CEA /* ActionButtonView.swift */,
				07A305F425D5D348003A6CEA /* PaintColorIndicator.swift */,
				07006C3D25D6C2D500DF9A64 /* PaintQuantityBar.swift */,
				0712053525DEDF1100AE0F52 /* ActionButtonFrame.swift */,
				0712053925DF2F0700AE0F52 /* RecentColorCollectionViewCell.swift */,
				07FF5EFE25DF5833003E19AE /* ArtView.swift */,
				07FF5F0425E421A9003E19AE /* StatAchievementCollectionViewCell.swift */,
				07FF5F0625E42C1C003E19AE /* ActionButtonReusableView.swift */,
				07FF5F1025E5BA4F003E19AE /* PanelBackgroundCollectionViewCell.swift */,
				078AF00826016CCB00AB4CE4 /* PaintQuantityCircle.swift */,
				07366379260E148700E5403F /* AchievementIcon.swift */,
				07270EE3272C333A00DB35CE /* PaletteCollectionViewCell.swift */,
				07D0ED23272DCE5F00755C1D /* InteractiveCanvasSummaryView.swift */,
				07D0ED25272DFC9000755C1D /* DeviceViewportSummaryView.swift */,
				0704FB7327397D3B009799E1 /* PaletteHeaderCollectionReusableView.swift */,
				0704FB9A2739A511009799E1 /* InsetLabel.swift */,
				07AE665E289ED5BE00E2E9FC /* ServerCell.swift */,
				0731602A28A0159B00466BC4 /* ButtonFrame.swift */,
				07D6934428BA993C00F2EBE7 /* OptionContainerView.swift */,
				074A76002D7179EB00D487EC /* CombinedGestureView.swift */,
			);
			path = View;
			sourceTree = "<group>";
		};
		07BD25EE25D445E300CF812E /* Model */ = {
			isa = PBXGroup;
			children = (
				07BD25EF25D4461400CF812E /* InteractiveCanvas.swift */,
				07BD25F825D450CF00CF812E /* SessionSettings.swift */,
				07FF5F0825E4354B003E19AE /* StatTracker.swift */,
				078AF006260119DE00AB4CE4 /* InteractiveCanvasSocket.swift */,
				07270EE1272C214300DB35CE /* Palette.swift */,
				07BBBAB92896E3B3008A6B9E /* QueueSocket.swift */,
				07F573C7289EA65D00D4C9EF /* Server.swift */,
				0744E8842D625E7300C9DD29 /* ErrorPixel.swift */,
				0707C5E52D63AAA5008E0120 /* PendingUndo.swift */,
				078D406A2D72B9E8003C57F2 /* ClientInfo.swift */,
			);
			path = Model;
			sourceTree = "<group>";
		};
		07BD25F325D44F1600CF812E /* Helper */ = {
			isa = PBXGroup;
			children = (
				07A246D725D4BF0800C73CA6 /* URLSessionHandler.swift */,
				07BD25F425D44F2A00CF812E /* Utils.swift */,
				07BD25F625D44FE900CF812E /* UIColor+Conversions.swift */,
				07006C3B25D607D500DF9A64 /* UIDrawGestureRecognizer.swift */,
				07FF5F0A25E481BB003E19AE /* Animator.swift */,
				07A9B16F25ED611C009A47DF /* PanelThemeConfig.swift */,
				0788E47E25FBD3F5004FC782 /* UIView+SafeAnchors.swift */,
				07A7C842272AEEC9003AD69C /* UITouchGestureRecognizer.swift */,
				076120DD2D738FF40030DAA9 /* UIViewController+SwiftUIHosting.swift */,
			);
			path = Helper;
			sourceTree = "<group>";
		};
		10694157BC2769F4D79F5181 /* Frameworks */ = {
			isa = PBXGroup;
			children = (
				07A3060225D5FFBD003A6CEA /* ChromaColorPicker */,
				05EDA8A7C0586568557ABE70 /* Pods_LiquidOceanIOS.framework */,
			);
			name = Frameworks;
			sourceTree = "<group>";
		};
		7940447D3B0BE8CAF95CF88D /* Pods */ = {
			isa = PBXGroup;
			children = (
				7C69133797B75247512FDC6F /* Pods-LiquidOceanIOS.debug.xcconfig */,
				E99D39E07113D350CD95FFDB /* Pods-LiquidOceanIOS.release.xcconfig */,
			);
			path = Pods;
			sourceTree = "<group>";
		};
/* End PBXGroup section */

/* Begin PBXNativeTarget section */
		07BD25C225D43FB500CF812E /* LiquidOceanIOS */ = {
			isa = PBXNativeTarget;
			buildConfigurationList = 07BD25E525D43FB700CF812E /* Build configuration list for PBXNativeTarget "LiquidOceanIOS" */;
			buildPhases = (
				0970BE032BD68840EDD861CF /* [CP] Check Pods Manifest.lock */,
				07BD25BF25D43FB500CF812E /* Sources */,
				07BD25C025D43FB500CF812E /* Frameworks */,
				07BD25C125D43FB500CF812E /* Resources */,
				274C1C8DD682F9234C5FF1BF /* [CP] Embed Pods Frameworks */,
			);
			buildRules = (
			);
			dependencies = (
			);
			name = LiquidOceanIOS;
			productName = LiquidOceanIOS;
			productReference = 07BD25C325D43FB500CF812E /* LiquidOceanIOS.app */;
			productType = "com.apple.product-type.application";
		};
		07BD25DB25D43FB700CF812E /* LiquidOceanIOSTests */ = {
			isa = PBXNativeTarget;
			buildConfigurationList = 07BD25E825D43FB700CF812E /* Build configuration list for PBXNativeTarget "LiquidOceanIOSTests" */;
			buildPhases = (
				07BD25D825D43FB700CF812E /* Sources */,
				07BD25D925D43FB700CF812E /* Frameworks */,
				07BD25DA25D43FB700CF812E /* Resources */,
			);
			buildRules = (
			);
			dependencies = (
				07BD25DE25D43FB700CF812E /* PBXTargetDependency */,
			);
			name = LiquidOceanIOSTests;
			productName = LiquidOceanIOSTests;
			productReference = 07BD25DC25D43FB700CF812E /* LiquidOceanIOSTests.xctest */;
			productType = "com.apple.product-type.bundle.unit-test";
		};
/* End PBXNativeTarget section */

/* Begin PBXProject section */
		07BD25BB25D43FB500CF812E /* Project object */ = {
			isa = PBXProject;
			attributes = {
				BuildIndependentTargetsInParallel = YES;
				LastSwiftUpdateCheck = 1170;
				LastUpgradeCheck = 1620;
				ORGANIZATIONNAME = "Eric Versteeg";
				TargetAttributes = {
					07BD25C225D43FB500CF812E = {
						CreatedOnToolsVersion = 11.7;
					};
					07BD25DB25D43FB700CF812E = {
						CreatedOnToolsVersion = 11.7;
						TestTargetID = 07BD25C225D43FB500CF812E;
					};
				};
			};
			buildConfigurationList = 07BD25BE25D43FB500CF812E /* Build configuration list for PBXProject "LiquidOceanIOS" */;
			compatibilityVersion = "Xcode 9.3";
			developmentRegion = en;
			hasScannedForEncodings = 0;
			knownRegions = (
				en,
				Base,
			);
			mainGroup = 07BD25BA25D43FB500CF812E;
			productRefGroup = 07BD25C425D43FB500CF812E /* Products */;
			projectDirPath = "";
			projectRoot = "";
			targets = (
				07BD25C225D43FB500CF812E /* LiquidOceanIOS */,
				07BD25DB25D43FB700CF812E /* LiquidOceanIOSTests */,
			);
		};
/* End PBXProject section */

/* Begin PBXResourcesBuildPhase section */
		07BD25C125D43FB500CF812E /* Resources */ = {
			isa = PBXResourcesBuildPhase;
			buildActionMask = 2147483647;
			files = (
				07FF5F3925E5BDF6003E19AE /* fall_leaves.png in Resources */,
				07E5FAAB28BAA3C700C4717D /* Solid_black.png in Resources */,
				07BD25D625D43FB700CF812E /* LaunchScreen.storyboard in Resources */,
				07FF5F2D25E5BDF6003E19AE /* foil.jpg in Resources */,
				0704FB99273984C9009799E1 /* Inter-ExtraBold.ttf in Resources */,
				0788E47D25FBD1D8004FC782 /* iOSDeviceModelMapping.plist in Resources */,
				07FF5F2625E5BDF6003E19AE /* marble_2.jpg in Resources */,
				07A9B18925ED6CCD009A47DF /* amb_8.jpg in Resources */,
				07A9B19325ED6CCD009A47DF /* sf_1.jpg in Resources */,
				0704FB93273984C9009799E1 /* Inter-ExtraLight.ttf in Resources */,
				0704FB95273984C9009799E1 /* Inter-Thin.ttf in Resources */,
				07FF5F2925E5BDF6003E19AE /* crystal_5.jpg in Resources */,
				07A9B18C25ED6CCD009A47DF /* amb_15.jpg in Resources */,
				07FF5F3825E5BDF6003E19AE /* water_texture.jpg in Resources */,
				0704FB91273984C9009799E1 /* Inter-Bold.ttf in Resources */,
				0744E8812D61918F00C9DD29 /* yellow_circle.png in Resources */,
				0744E8822D61918F00C9DD29 /* green_circle.png in Resources */,
				0788916F2D74BCA400B4041B /* server_person.svg in Resources */,
				0744E8832D61918F00C9DD29 /* red_circle.png in Resources */,
				07FF5F2C25E5BDF6003E19AE /* space_texture.jpg in Resources */,
				07FF5F3725E5BDF6003E19AE /* crystal_2.jpg in Resources */,
				0704FB94273984C9009799E1 /* Inter-SemiBold.ttf in Resources */,
				07A9B18325ED6CCD009A47DF /* amb_12.jpg in Resources */,
				0704FB96273984C9009799E1 /* Inter-Black.ttf in Resources */,
				07A9B16325EC8790009A47DF /* fries_json.json in Resources */,
				07A9B19225ED6CCD009A47DF /* grass.jpg in Resources */,
				07FF5F3125E5BDF6003E19AE /* crystal_9.jpg in Resources */,
				07FF5F3225E5BDF6003E19AE /* crystal_4.jpg in Resources */,
				07A9B19025ED6CCD009A47DF /* grass_dry.jpg in Resources */,
				07A9B16725EC8790009A47DF /* bird_json.json in Resources */,
				07A9B16C25EC8790009A47DF /* contra_json.json in Resources */,
				07A9B18825ED6CCD009A47DF /* amb_9.jpg in Resources */,
				0704FB92273984C9009799E1 /* Inter-Regular.ttf in Resources */,
				07A9B19425ED6CCD009A47DF /* amb_3.jpg in Resources */,
				07FF5F3325E5BDF6003E19AE /* rainbow_foil.jpg in Resources */,
				07A9B16225EC8790009A47DF /* mushroom_json.json in Resources */,
				0704FB97273984C9009799E1 /* Inter-Medium.ttf in Resources */,
				07FF5F3625E5BDF6003E19AE /* wood_texture_light.jpg in Resources */,
				07A9B18525ED6CCD009A47DF /* amb_7.jpg in Resources */,
				07A9B18D25ED6CCD009A47DF /* amb_2.jpg in Resources */,
				07A9B16825EC8790009A47DF /* hfs_json.json in Resources */,
				07FF5F2825E5BDF6003E19AE /* crystal_7.jpg in Resources */,
				07FF5F3425E5BDF6003E19AE /* metal_floor_1.jpg in Resources */,
				07A9B16625EC8790009A47DF /* water_drop_json.json in Resources */,
				07FF5F2B25E5BDF6003E19AE /* metal_floor_2.jpg in Resources */,
				07A9B16525EC8790009A47DF /* doughnut_json.json in Resources */,
				07A9B19125ED6CCD009A47DF /* amb_13.jpg in Resources */,
				07BD25D325D43FB700CF812E /* Assets.xcassets in Resources */,
				07A9B16A25EC8790009A47DF /* paint_bucket_json.json in Resources */,
				07A9B18B25ED6CCD009A47DF /* amb_14.jpg in Resources */,
				07FF5F2E25E5BDF6003E19AE /* crystal_6.jpg in Resources */,
				07A9B16125EC8790009A47DF /* mc_tool_json.json in Resources */,
				07FF5F2725E5BDF6003E19AE /* crystal_3.jpg in Resources */,
				07A9B18E25ED6CCD009A47DF /* sf_3.jpg in Resources */,
				07A9B18625ED6CCD009A47DF /* amb_6.jpg in Resources */,
				07A9B18A25ED6CCD009A47DF /* amb_5.jpg in Resources */,
				07A9B16925EC8790009A47DF /* rainbow_badge.json in Resources */,
				07A9B16425EC8790009A47DF /* globe_json.json in Resources */,
				07A9B16B25EC8790009A47DF /* leaf_json.json in Resources */,
				07A9B18725ED6CCD009A47DF /* amb_10.jpg in Resources */,
				07FF5F2A25E5BDF6003E19AE /* crystal_8.jpg in Resources */,
				0704FB98273984C9009799E1 /* Inter-Light.ttf in Resources */,
				07A9B18F25ED6CCD009A47DF /* amb_11.jpg in Resources */,
				07FF5F3025E5BDF6003E19AE /* crystal_10.jpg in Resources */,
				07A9B18425ED6CCD009A47DF /* amb_4.jpg in Resources */,
				07FF5F2F25E5BDF6003E19AE /* wood_texture.png in Resources */,
				07A9B16025EC8790009A47DF /* fire_badge_json.json in Resources */,
				07FF5F3525E5BDF6003E19AE /* crystal_1.jpg in Resources */,
				07BD25CE25D43FB500CF812E /* Main.storyboard in Resources */,
			);
			runOnlyForDeploymentPostprocessing = 0;
		};
		07BD25DA25D43FB700CF812E /* Resources */ = {
			isa = PBXResourcesBuildPhase;
			buildActionMask = 2147483647;
			files = (
			);
			runOnlyForDeploymentPostprocessing = 0;
		};
/* End PBXResourcesBuildPhase section */

/* Begin PBXShellScriptBuildPhase section */
		0970BE032BD68840EDD861CF /* [CP] Check Pods Manifest.lock */ = {
			isa = PBXShellScriptBuildPhase;
			buildActionMask = 2147483647;
			files = (
			);
			inputFileListPaths = (
			);
			inputPaths = (
				"${PODS_PODFILE_DIR_PATH}/Podfile.lock",
				"${PODS_ROOT}/Manifest.lock",
			);
			name = "[CP] Check Pods Manifest.lock";
			outputFileListPaths = (
			);
			outputPaths = (
				"$(DERIVED_FILE_DIR)/Pods-LiquidOceanIOS-checkManifestLockResult.txt",
			);
			runOnlyForDeploymentPostprocessing = 0;
			shellPath = /bin/sh;
			shellScript = "diff \"${PODS_PODFILE_DIR_PATH}/Podfile.lock\" \"${PODS_ROOT}/Manifest.lock\" > /dev/null\nif [ $? != 0 ] ; then\n    # print error to STDERR\n    echo \"error: The sandbox is not in sync with the Podfile.lock. Run 'pod install' or update your CocoaPods installation.\" >&2\n    exit 1\nfi\n# This output is used by Xcode 'outputs' to avoid re-running this script phase.\necho \"SUCCESS\" > \"${SCRIPT_OUTPUT_FILE_0}\"\n";
			showEnvVarsInLog = 0;
		};
		274C1C8DD682F9234C5FF1BF /* [CP] Embed Pods Frameworks */ = {
			isa = PBXShellScriptBuildPhase;
			buildActionMask = 2147483647;
			files = (
			);
			inputFileListPaths = (
				"${PODS_ROOT}/Target Support Files/Pods-LiquidOceanIOS/Pods-LiquidOceanIOS-frameworks-${CONFIGURATION}-input-files.xcfilelist",
			);
			name = "[CP] Embed Pods Frameworks";
			outputFileListPaths = (
				"${PODS_ROOT}/Target Support Files/Pods-LiquidOceanIOS/Pods-LiquidOceanIOS-frameworks-${CONFIGURATION}-output-files.xcfilelist",
			);
			runOnlyForDeploymentPostprocessing = 0;
			shellPath = /bin/sh;
			shellScript = "\"${PODS_ROOT}/Target Support Files/Pods-LiquidOceanIOS/Pods-LiquidOceanIOS-frameworks.sh\"\n";
			showEnvVarsInLog = 0;
		};
/* End PBXShellScriptBuildPhase section */

/* Begin PBXSourcesBuildPhase section */
		07BD25BF25D43FB500CF812E /* Sources */ = {
			isa = PBXSourcesBuildPhase;
			buildActionMask = 2147483647;
			files = (
				07BD25F025D4461400CF812E /* InteractiveCanvas.swift in Sources */,
				0712053625DEDF1100AE0F52 /* ActionButtonFrame.swift in Sources */,
				070DA9DD2732B97800D76775 /* CanvasImportViewController.swift in Sources */,
				0712053825DF2D5100AE0F52 /* RecentColorsViewController.swift in Sources */,
				07BD25ED25D440DD00CF812E /* InteractiveCanvasView.swift in Sources */,
				075DE94A2D7288A8007C664D /* CanvasClientIndicatorsView.swift in Sources */,
				07A9B16E25ED2941009A47DF /* HowtoViewController.swift in Sources */,
				07BBBABA2896E3B3008A6B9E /* QueueSocket.swift in Sources */,
				0744E8852D625E7300C9DD29 /* ErrorPixel.swift in Sources */,
				070DA9DF2732B98500D76775 /* CanvasExportViewController.swift in Sources */,
				07006C4425DCB98E00DF9A64 /* PixelHistoryCollectionViewCell.swift in Sources */,
				07006C4225DCB6D400DF9A64 /* PixelHistoryViewController.swift in Sources */,
				07FF5F0125DF616A003E19AE /* ExportViewController.swift in Sources */,
				07FF5F0925E4354B003E19AE /* StatTracker.swift in Sources */,
				07BD25D125D43FB500CF812E /* LiquidOceanIOS.xcdatamodeld in Sources */,
				07D6934328BA57A300F2EBE7 /* TermsOfUseViewController.swift in Sources */,
				07FF5F0F25E54EE7003E19AE /* OptionsViewController.swift in Sources */,
				078AF007260119DE00AB4CE4 /* InteractiveCanvasSocket.swift in Sources */,
				07BD25F525D44F2A00CF812E /* Utils.swift in Sources */,
				07FF5F0D25E54DCF003E19AE /* SignInViewController.swift in Sources */,
				07270EE0272B92B300DB35CE /* PalettesViewController.swift in Sources */,
				078891762D750ECC00B4041B /* ServerListsView.swift in Sources */,
				07BD25CB25D43FB500CF812E /* InteractiveCanvasViewController.swift in Sources */,
				07FF5F0525E421A9003E19AE /* StatAchievementCollectionViewCell.swift in Sources */,
				0788916D2D74AF8700B4041B /* CanvasMenuItemView.swift in Sources */,
				0788E47F25FBD3F5004FC782 /* UIView+SafeAnchors.swift in Sources */,
				07FF5F0B25E481BB003E19AE /* Animator.swift in Sources */,
				07FF5F0325E41EF9003E19AE /* StatsViewController.swift in Sources */,
				078D406B2D72B9E8003C57F2 /* ClientInfo.swift in Sources */,
				07BD25F725D44FE900CF812E /* UIColor+Conversions.swift in Sources */,
				076120E22D73932C0030DAA9 /* SummaryClientIndicatorsView.swift in Sources */,
				07A305F525D5D348003A6CEA /* PaintColorIndicator.swift in Sources */,
				0783F3BE2D767B7A006DA53F /* ServerListItemView.swift in Sources */,
				074A76012D7179EB00D487EC /* CombinedGestureView.swift in Sources */,
				07270EE2272C214300DB35CE /* Palette.swift in Sources */,
				07C9CCE6272ECA2900C9D0A1 /* CanvasFrameViewController.swift in Sources */,
				07006C4025D6CEF200DF9A64 /* MenuViewController.swift in Sources */,
				078891722D750E5300B4041B /* ServerListViewModel.swift in Sources */,
				07270EE4272C333A00DB35CE /* PaletteCollectionViewCell.swift in Sources */,
				07A305F325D5B6F5003A6CEA /* ActionButtonView.swift in Sources */,
				07006C3C25D607D500DF9A64 /* UIDrawGestureRecognizer.swift in Sources */,
				0712053A25DF2F0700AE0F52 /* RecentColorCollectionViewCell.swift in Sources */,
				0704FB9B2739A511009799E1 /* InsetLabel.swift in Sources */,
				0788916B2D74AF4700B4041B /* CanvasMenuView.swift in Sources */,
				0731602B28A0159B00466BC4 /* ButtonFrame.swift in Sources */,
				07BD25C725D43FB500CF812E /* AppDelegate.swift in Sources */,
				0704FB7427397D3B009799E1 /* PaletteHeaderCollectionReusableView.swift in Sources */,
				0736637A260E148700E5403F /* AchievementIcon.swift in Sources */,
				07FF5F0725E42C1C003E19AE /* ActionButtonReusableView.swift in Sources */,
				07006C3E25D6C2D500DF9A64 /* PaintQuantityBar.swift in Sources */,
				07F573C8289EA65D00D4C9EF /* Server.swift in Sources */,
				07A9B19625EDAB8F009A47DF /* ColorPickerViewController.swift in Sources */,
				07A246D625D4A83500C73CA6 /* LoadingViewController.swift in Sources */,
				0788E48125FC58BC004FC782 /* ColorPickerOutletsViewController.swift in Sources */,
				07A246D825D4BF0800C73CA6 /* URLSessionHandler.swift in Sources */,
				07D6934528BA993D00F2EBE7 /* OptionContainerView.swift in Sources */,
				07A7C843272AEEC9003AD69C /* UITouchGestureRecognizer.swift in Sources */,
				07FF5F1125E5BA4F003E19AE /* PanelBackgroundCollectionViewCell.swift in Sources */,
				076120E42D73A1450030DAA9 /* ClientListView.swift in Sources */,
				07BD25C925D43FB500CF812E /* SceneDelegate.swift in Sources */,
				07AE665F289ED5BE00E2E9FC /* ServerCell.swift in Sources */,
				07A9B17025ED611C009A47DF /* PanelThemeConfig.swift in Sources */,
				078AF00926016CCB00AB4CE4 /* PaintQuantityCircle.swift in Sources */,
				0707C5E62D63AAA5008E0120 /* PendingUndo.swift in Sources */,
				07FF5EFF25DF5833003E19AE /* ArtView.swift in Sources */,
				07D0ED24272DCE5F00755C1D /* InteractiveCanvasSummaryView.swift in Sources */,
				07D0ED26272DFC9000755C1D /* DeviceViewportSummaryView.swift in Sources */,
				076120DE2D738FF40030DAA9 /* UIViewController+SwiftUIHosting.swift in Sources */,
				076ADE6F2D77BCFB0059827A /* PublicServerListView.swift in Sources */,
				07BD25F925D450CF00CF812E /* SessionSettings.swift in Sources */,
				073663782608F16600E5403F /* PincodeViewController.swift in Sources */,
			);
			runOnlyForDeploymentPostprocessing = 0;
		};
		07BD25D825D43FB700CF812E /* Sources */ = {
			isa = PBXSourcesBuildPhase;
			buildActionMask = 2147483647;
			files = (
				07BD25E125D43FB700CF812E /* LiquidOceanIOSTests.swift in Sources */,
			);
			runOnlyForDeploymentPostprocessing = 0;
		};
/* End PBXSourcesBuildPhase section */

/* Begin PBXTargetDependency section */
		07BD25DE25D43FB700CF812E /* PBXTargetDependency */ = {
			isa = PBXTargetDependency;
			target = 07BD25C225D43FB500CF812E /* LiquidOceanIOS */;
			targetProxy = 07BD25DD25D43FB700CF812E /* PBXContainerItemProxy */;
		};
/* End PBXTargetDependency section */

/* Begin PBXVariantGroup section */
		07BD25CC25D43FB500CF812E /* Main.storyboard */ = {
			isa = PBXVariantGroup;
			children = (
				07BD25CD25D43FB500CF812E /* Base */,
			);
			name = Main.storyboard;
			sourceTree = "<group>";
		};
		07BD25D425D43FB700CF812E /* LaunchScreen.storyboard */ = {
			isa = PBXVariantGroup;
			children = (
				07BD25D525D43FB700CF812E /* Base */,
			);
			name = LaunchScreen.storyboard;
			sourceTree = "<group>";
		};
/* End PBXVariantGroup section */

/* Begin XCBuildConfiguration section */
		07BD25E325D43FB700CF812E /* Debug */ = {
			isa = XCBuildConfiguration;
			buildSettings = {
				ALWAYS_SEARCH_USER_PATHS = NO;
				CLANG_ANALYZER_NONNULL = YES;
				CLANG_ANALYZER_NUMBER_OBJECT_CONVERSION = YES_AGGRESSIVE;
				CLANG_CXX_LANGUAGE_STANDARD = "gnu++14";
				CLANG_CXX_LIBRARY = "libc++";
				CLANG_ENABLE_MODULES = YES;
				CLANG_ENABLE_OBJC_ARC = YES;
				CLANG_ENABLE_OBJC_WEAK = YES;
				CLANG_WARN_BLOCK_CAPTURE_AUTORELEASING = YES;
				CLANG_WARN_BOOL_CONVERSION = YES;
				CLANG_WARN_COMMA = YES;
				CLANG_WARN_CONSTANT_CONVERSION = YES;
				CLANG_WARN_DEPRECATED_OBJC_IMPLEMENTATIONS = YES;
				CLANG_WARN_DIRECT_OBJC_ISA_USAGE = YES_ERROR;
				CLANG_WARN_DOCUMENTATION_COMMENTS = YES;
				CLANG_WARN_EMPTY_BODY = YES;
				CLANG_WARN_ENUM_CONVERSION = YES;
				CLANG_WARN_INFINITE_RECURSION = YES;
				CLANG_WARN_INT_CONVERSION = YES;
				CLANG_WARN_NON_LITERAL_NULL_CONVERSION = YES;
				CLANG_WARN_OBJC_IMPLICIT_RETAIN_SELF = YES;
				CLANG_WARN_OBJC_LITERAL_CONVERSION = YES;
				CLANG_WARN_OBJC_ROOT_CLASS = YES_ERROR;
				CLANG_WARN_QUOTED_INCLUDE_IN_FRAMEWORK_HEADER = NO;
				CLANG_WARN_RANGE_LOOP_ANALYSIS = YES;
				CLANG_WARN_STRICT_PROTOTYPES = YES;
				CLANG_WARN_SUSPICIOUS_MOVE = YES;
				CLANG_WARN_UNGUARDED_AVAILABILITY = YES_AGGRESSIVE;
				CLANG_WARN_UNREACHABLE_CODE = YES;
				CLANG_WARN__DUPLICATE_METHOD_MATCH = YES;
				COPY_PHASE_STRIP = NO;
				DEBUG_INFORMATION_FORMAT = dwarf;
				ENABLE_MODULE_VERIFIER = YES;
				ENABLE_STRICT_OBJC_MSGSEND = YES;
				ENABLE_TESTABILITY = YES;
				ENABLE_USER_SCRIPT_SANDBOXING = NO;
				GCC_C_LANGUAGE_STANDARD = gnu11;
				GCC_DYNAMIC_NO_PIC = NO;
				GCC_NO_COMMON_BLOCKS = YES;
				GCC_OPTIMIZATION_LEVEL = 0;
				GCC_PREPROCESSOR_DEFINITIONS = (
					"DEBUG=1",
					"$(inherited)",
				);
				GCC_WARN_64_TO_32_BIT_CONVERSION = YES;
				GCC_WARN_ABOUT_RETURN_TYPE = YES_ERROR;
				GCC_WARN_UNDECLARED_SELECTOR = YES;
				GCC_WARN_UNINITIALIZED_AUTOS = YES_AGGRESSIVE;
				GCC_WARN_UNUSED_FUNCTION = YES;
				GCC_WARN_UNUSED_VARIABLE = YES;
				IPHONEOS_DEPLOYMENT_TARGET = 13.7;
				MTL_ENABLE_DEBUG_INFO = INCLUDE_SOURCE;
				MTL_FAST_MATH = YES;
				ONLY_ACTIVE_ARCH = YES;
				SDKROOT = iphoneos;
				SWIFT_ACTIVE_COMPILATION_CONDITIONS = DEBUG;
				SWIFT_OPTIMIZATION_LEVEL = "-Onone";
			};
			name = Debug;
		};
		07BD25E425D43FB700CF812E /* Release */ = {
			isa = XCBuildConfiguration;
			buildSettings = {
				ALWAYS_SEARCH_USER_PATHS = NO;
				CLANG_ANALYZER_NONNULL = YES;
				CLANG_ANALYZER_NUMBER_OBJECT_CONVERSION = YES_AGGRESSIVE;
				CLANG_CXX_LANGUAGE_STANDARD = "gnu++14";
				CLANG_CXX_LIBRARY = "libc++";
				CLANG_ENABLE_MODULES = YES;
				CLANG_ENABLE_OBJC_ARC = YES;
				CLANG_ENABLE_OBJC_WEAK = YES;
				CLANG_WARN_BLOCK_CAPTURE_AUTORELEASING = YES;
				CLANG_WARN_BOOL_CONVERSION = YES;
				CLANG_WARN_COMMA = YES;
				CLANG_WARN_CONSTANT_CONVERSION = YES;
				CLANG_WARN_DEPRECATED_OBJC_IMPLEMENTATIONS = YES;
				CLANG_WARN_DIRECT_OBJC_ISA_USAGE = YES_ERROR;
				CLANG_WARN_DOCUMENTATION_COMMENTS = YES;
				CLANG_WARN_EMPTY_BODY = YES;
				CLANG_WARN_ENUM_CONVERSION = YES;
				CLANG_WARN_INFINITE_RECURSION = YES;
				CLANG_WARN_INT_CONVERSION = YES;
				CLANG_WARN_NON_LITERAL_NULL_CONVERSION = YES;
				CLANG_WARN_OBJC_IMPLICIT_RETAIN_SELF = YES;
				CLANG_WARN_OBJC_LITERAL_CONVERSION = YES;
				CLANG_WARN_OBJC_ROOT_CLASS = YES_ERROR;
				CLANG_WARN_QUOTED_INCLUDE_IN_FRAMEWORK_HEADER = NO;
				CLANG_WARN_RANGE_LOOP_ANALYSIS = YES;
				CLANG_WARN_STRICT_PROTOTYPES = YES;
				CLANG_WARN_SUSPICIOUS_MOVE = YES;
				CLANG_WARN_UNGUARDED_AVAILABILITY = YES_AGGRESSIVE;
				CLANG_WARN_UNREACHABLE_CODE = YES;
				CLANG_WARN__DUPLICATE_METHOD_MATCH = YES;
				COPY_PHASE_STRIP = NO;
				DEBUG_INFORMATION_FORMAT = "dwarf-with-dsym";
				ENABLE_MODULE_VERIFIER = YES;
				ENABLE_NS_ASSERTIONS = NO;
				ENABLE_STRICT_OBJC_MSGSEND = YES;
				ENABLE_USER_SCRIPT_SANDBOXING = NO;
				GCC_C_LANGUAGE_STANDARD = gnu11;
				GCC_NO_COMMON_BLOCKS = YES;
				GCC_WARN_64_TO_32_BIT_CONVERSION = YES;
				GCC_WARN_ABOUT_RETURN_TYPE = YES_ERROR;
				GCC_WARN_UNDECLARED_SELECTOR = YES;
				GCC_WARN_UNINITIALIZED_AUTOS = YES_AGGRESSIVE;
				GCC_WARN_UNUSED_FUNCTION = YES;
				GCC_WARN_UNUSED_VARIABLE = YES;
				IPHONEOS_DEPLOYMENT_TARGET = 13.7;
				MTL_ENABLE_DEBUG_INFO = NO;
				MTL_FAST_MATH = YES;
				SDKROOT = iphoneos;
				SWIFT_COMPILATION_MODE = wholemodule;
				SWIFT_OPTIMIZATION_LEVEL = "-O";
				VALIDATE_PRODUCT = YES;
			};
			name = Release;
		};
		07BD25E625D43FB700CF812E /* Debug */ = {
			isa = XCBuildConfiguration;
			baseConfigurationReference = 7C69133797B75247512FDC6F /* Pods-LiquidOceanIOS.debug.xcconfig */;
			buildSettings = {
				ASSETCATALOG_COMPILER_APPICON_NAME = RadioFrost;
				CODE_SIGN_IDENTITY = "Apple Development";
				CODE_SIGN_STYLE = Automatic;
				CURRENT_PROJECT_VERSION = 5;
				DEVELOPMENT_TEAM = Y56N4MVTFC;
				INFOPLIST_FILE = LiquidOceanIOS/Info.plist;
				INFOPLIST_KEY_CFBundleDisplayName = "Pixels: Together";
				INFOPLIST_KEY_LSApplicationCategoryType = "public.app-category.graphics-design";
				IPHONEOS_DEPLOYMENT_TARGET = 16.6;
				LD_RUNPATH_SEARCH_PATHS = (
					"$(inherited)",
					"@executable_path/Frameworks",
				);
				MARKETING_VERSION = 1.0.1;
				PRODUCT_BUNDLE_IDENTIFIER = com.matrixwarez.pt;
				PRODUCT_NAME = "$(TARGET_NAME)";
				PROVISIONING_PROFILE_SPECIFIER = "";
				SWIFT_VERSION = 5.0;
				TARGETED_DEVICE_FAMILY = "1,2";
			};
			name = Debug;
		};
		07BD25E725D43FB700CF812E /* Release */ = {
			isa = XCBuildConfiguration;
			baseConfigurationReference = E99D39E07113D350CD95FFDB /* Pods-LiquidOceanIOS.release.xcconfig */;
			buildSettings = {
				ASSETCATALOG_COMPILER_APPICON_NAME = RadioFrost;
				CODE_SIGN_IDENTITY = "Apple Development";
				CODE_SIGN_STYLE = Automatic;
				CURRENT_PROJECT_VERSION = 5;
				DEVELOPMENT_TEAM = Y56N4MVTFC;
				INFOPLIST_FILE = LiquidOceanIOS/Info.plist;
				INFOPLIST_KEY_CFBundleDisplayName = "Pixels: Together";
				INFOPLIST_KEY_LSApplicationCategoryType = "public.app-category.graphics-design";
				IPHONEOS_DEPLOYMENT_TARGET = 16.6;
				LD_RUNPATH_SEARCH_PATHS = (
					"$(inherited)",
					"@executable_path/Frameworks",
				);
				MARKETING_VERSION = 1.0.1;
				PRODUCT_BUNDLE_IDENTIFIER = com.matrixwarez.pt;
				PRODUCT_NAME = "$(TARGET_NAME)";
				PROVISIONING_PROFILE_SPECIFIER = "";
				SWIFT_VERSION = 5.0;
				TARGETED_DEVICE_FAMILY = "1,2";
			};
			name = Release;
		};
		07BD25E925D43FB700CF812E /* Debug */ = {
			isa = XCBuildConfiguration;
			buildSettings = {
				BUNDLE_LOADER = "$(TEST_HOST)";
				CODE_SIGN_STYLE = Automatic;
				INFOPLIST_FILE = LiquidOceanIOSTests/Info.plist;
				IPHONEOS_DEPLOYMENT_TARGET = 13.7;
				LD_RUNPATH_SEARCH_PATHS = (
					"$(inherited)",
					"@executable_path/Frameworks",
					"@loader_path/Frameworks",
				);
				PRODUCT_BUNDLE_IDENTIFIER = com.ericversteeg.liquidocean.LiquidOceanIOSTests;
				PRODUCT_NAME = "$(TARGET_NAME)";
				SWIFT_VERSION = 5.0;
				TARGETED_DEVICE_FAMILY = "1,2";
				TEST_HOST = "$(BUILT_PRODUCTS_DIR)/LiquidOceanIOS.app/LiquidOceanIOS";
			};
			name = Debug;
		};
		07BD25EA25D43FB700CF812E /* Release */ = {
			isa = XCBuildConfiguration;
			buildSettings = {
				BUNDLE_LOADER = "$(TEST_HOST)";
				CODE_SIGN_STYLE = Automatic;
				INFOPLIST_FILE = LiquidOceanIOSTests/Info.plist;
				IPHONEOS_DEPLOYMENT_TARGET = 13.7;
				LD_RUNPATH_SEARCH_PATHS = (
					"$(inherited)",
					"@executable_path/Frameworks",
					"@loader_path/Frameworks",
				);
				PRODUCT_BUNDLE_IDENTIFIER = com.ericversteeg.liquidocean.LiquidOceanIOSTests;
				PRODUCT_NAME = "$(TARGET_NAME)";
				SWIFT_VERSION = 5.0;
				TARGETED_DEVICE_FAMILY = "1,2";
				TEST_HOST = "$(BUILT_PRODUCTS_DIR)/LiquidOceanIOS.app/LiquidOceanIOS";
			};
			name = Release;
		};
/* End XCBuildConfiguration section */

/* Begin XCConfigurationList section */
		07BD25BE25D43FB500CF812E /* Build configuration list for PBXProject "LiquidOceanIOS" */ = {
			isa = XCConfigurationList;
			buildConfigurations = (
				07BD25E325D43FB700CF812E /* Debug */,
				07BD25E425D43FB700CF812E /* Release */,
			);
			defaultConfigurationIsVisible = 0;
			defaultConfigurationName = Release;
		};
		07BD25E525D43FB700CF812E /* Build configuration list for PBXNativeTarget "LiquidOceanIOS" */ = {
			isa = XCConfigurationList;
			buildConfigurations = (
				07BD25E625D43FB700CF812E /* Debug */,
				07BD25E725D43FB700CF812E /* Release */,
			);
			defaultConfigurationIsVisible = 0;
			defaultConfigurationName = Release;
		};
		07BD25E825D43FB700CF812E /* Build configuration list for PBXNativeTarget "LiquidOceanIOSTests" */ = {
			isa = XCConfigurationList;
			buildConfigurations = (
				07BD25E925D43FB700CF812E /* Debug */,
				07BD25EA25D43FB700CF812E /* Release */,
			);
			defaultConfigurationIsVisible = 0;
			defaultConfigurationName = Release;
		};
/* End XCConfigurationList section */

/* Begin XCVersionGroup section */
		07BD25CF25D43FB500CF812E /* LiquidOceanIOS.xcdatamodeld */ = {
			isa = XCVersionGroup;
			children = (
				07BD25D025D43FB500CF812E /* LiquidOceanIOS.xcdatamodel */,
			);
			currentVersion = 07BD25D025D43FB500CF812E /* LiquidOceanIOS.xcdatamodel */;
			path = LiquidOceanIOS.xcdatamodeld;
			sourceTree = "<group>";
			versionGroupType = wrapper.xcdatamodel;
		};
/* End XCVersionGroup section */
	};
	rootObject = 07BD25BB25D43FB500CF812E /* Project object */;
}
